// !$*UTF8*$!
{
	archiveVersion = 1;
	classes = {
	};
	objectVersion = 48;
	objects = {

/* Begin PBXBuildFile section */
		0C1933A1217D7F6500AC495A /* ContactListTableViewCell.swift in Sources */ = {isa = PBXBuildFile; fileRef = 0C1933A0217D7F6500AC495A /* ContactListTableViewCell.swift */; };
		0C1E5FFC2181551700DC8750 /* SummaryViewModel.swift in Sources */ = {isa = PBXBuildFile; fileRef = 0C1E5FFB2181551700DC8750 /* SummaryViewModel.swift */; };
		0C1E5FFE2181B23E00DC8750 /* LogsTableViewCell.swift in Sources */ = {isa = PBXBuildFile; fileRef = 0C1E5FFD2181B23E00DC8750 /* LogsTableViewCell.swift */; };
		0C1E60002181B25F00DC8750 /* ToDoTableViewCell.swift in Sources */ = {isa = PBXBuildFile; fileRef = 0C1E5FFF2181B25F00DC8750 /* ToDoTableViewCell.swift */; };
		0C1E60022181B27800DC8750 /* SocialsTableViewCell.swift in Sources */ = {isa = PBXBuildFile; fileRef = 0C1E60012181B27800DC8750 /* SocialsTableViewCell.swift */; };
		0C1E60042181B2B900DC8750 /* FilesTableViewCell.swift in Sources */ = {isa = PBXBuildFile; fileRef = 0C1E60032181B2B900DC8750 /* FilesTableViewCell.swift */; };
		0C1E60062181B2CF00DC8750 /* InfoTableViewCell.swift in Sources */ = {isa = PBXBuildFile; fileRef = 0C1E60052181B2CF00DC8750 /* InfoTableViewCell.swift */; };
		0C2C11AF215B5F39002479F1 /* ContactDetailTableViewCell.swift in Sources */ = {isa = PBXBuildFile; fileRef = 0C2C11AE215B5F39002479F1 /* ContactDetailTableViewCell.swift */; };
		0C8DBA1E21630513009A1475 /* SummaryViewController.swift in Sources */ = {isa = PBXBuildFile; fileRef = 0C8DBA1D21630513009A1475 /* SummaryViewController.swift */; };
		0C8DBA2021631E88009A1475 /* SummaryCollectionViewCell.swift in Sources */ = {isa = PBXBuildFile; fileRef = 0C8DBA1F21631E88009A1475 /* SummaryCollectionViewCell.swift */; };
		0C8DBA24216359A6009A1475 /* SummaryBarChart.swift in Sources */ = {isa = PBXBuildFile; fileRef = 0C8DBA23216359A6009A1475 /* SummaryBarChart.swift */; };
		0C8DBA26216359E1009A1475 /* SummaryBarEntry.swift in Sources */ = {isa = PBXBuildFile; fileRef = 0C8DBA25216359E1009A1475 /* SummaryBarEntry.swift */; };
		0C8DBA29216369BD009A1475 /* NotificationsListViewController.swift in Sources */ = {isa = PBXBuildFile; fileRef = 0C8DBA28216369BD009A1475 /* NotificationsListViewController.swift */; };
		0C8DBA2B21636AEA009A1475 /* NotificationViewModel.swift in Sources */ = {isa = PBXBuildFile; fileRef = 0C8DBA2A21636AEA009A1475 /* NotificationViewModel.swift */; };
		0C8DBA2E21646A66009A1475 /* PanelListViewController.swift in Sources */ = {isa = PBXBuildFile; fileRef = 0C8DBA2D21646A66009A1475 /* PanelListViewController.swift */; };
		0C8DBA3021646D01009A1475 /* PanelListDetailsViewController.swift in Sources */ = {isa = PBXBuildFile; fileRef = 0C8DBA2F21646D01009A1475 /* PanelListDetailsViewController.swift */; };
		0C8DBA332164711B009A1475 /* ArchivesViewController.swift in Sources */ = {isa = PBXBuildFile; fileRef = 0C8DBA322164711B009A1475 /* ArchivesViewController.swift */; };
		0C8DBA3621647150009A1475 /* LanguageSettingsViewController.swift in Sources */ = {isa = PBXBuildFile; fileRef = 0C8DBA3521647150009A1475 /* LanguageSettingsViewController.swift */; };
		0C8DBA392164737A009A1475 /* MessageTemplatesViewController.swift in Sources */ = {isa = PBXBuildFile; fileRef = 0C8DBA382164737A009A1475 /* MessageTemplatesViewController.swift */; };
		0C8DBA3B2165C610009A1475 /* AddPanelViewController.swift in Sources */ = {isa = PBXBuildFile; fileRef = 0C8DBA3A2165C610009A1475 /* AddPanelViewController.swift */; };
		0C8DBA3D2165F9DA009A1475 /* MessageTemplatesDetailsViewController.swift in Sources */ = {isa = PBXBuildFile; fileRef = 0C8DBA3C2165F9DA009A1475 /* MessageTemplatesDetailsViewController.swift */; };
		0C8DBA3F21673790009A1475 /* EmailActionSheetPresenter.swift in Sources */ = {isa = PBXBuildFile; fileRef = 0C8DBA3E21673790009A1475 /* EmailActionSheetPresenter.swift */; };
		0C8DBA41216AF2C4009A1475 /* PanelListModel.swift in Sources */ = {isa = PBXBuildFile; fileRef = 0C8DBA40216AF2C4009A1475 /* PanelListModel.swift */; };
		0C8DBA43216AFBD3009A1475 /* PanelListViewModel.swift in Sources */ = {isa = PBXBuildFile; fileRef = 0C8DBA42216AFBD3009A1475 /* PanelListViewModel.swift */; };
		0C8DBA47216B3A29009A1475 /* PanelListDetailViewModel.swift in Sources */ = {isa = PBXBuildFile; fileRef = 0C8DBA46216B3A29009A1475 /* PanelListDetailViewModel.swift */; };
		0C8DBA49216C4B7A009A1475 /* MessageTemplatesModel.swift in Sources */ = {isa = PBXBuildFile; fileRef = 0C8DBA48216C4B7A009A1475 /* MessageTemplatesModel.swift */; };
		0C8DBA4D216C4DBD009A1475 /* MessageTemplateListViewModel.swift in Sources */ = {isa = PBXBuildFile; fileRef = 0C8DBA4C216C4DBD009A1475 /* MessageTemplateListViewModel.swift */; };
		0C8DBA4F216C4EE3009A1475 /* MessageTemplateDetailsViewModel.swift in Sources */ = {isa = PBXBuildFile; fileRef = 0C8DBA4E216C4EE3009A1475 /* MessageTemplateDetailsViewModel.swift */; };
		0CBFA0D021509C050028750B /* ContactListNavViewController.swift in Sources */ = {isa = PBXBuildFile; fileRef = 0CBFA0CF21509C050028750B /* ContactListNavViewController.swift */; };
		0CBFA0D221509C3C0028750B /* ContactListViewController.swift in Sources */ = {isa = PBXBuildFile; fileRef = 0CBFA0D121509C3C0028750B /* ContactListViewController.swift */; };
		0CBFA0D421509CA80028750B /* ContactListViewModel.swift in Sources */ = {isa = PBXBuildFile; fileRef = 0CBFA0D321509CA80028750B /* ContactListViewModel.swift */; };
		0CBFA0D82150C1690028750B /* ContactDetailsViewModel.swift in Sources */ = {isa = PBXBuildFile; fileRef = 0CBFA0D72150C1690028750B /* ContactDetailsViewModel.swift */; };
		0CBFA0DA2150C1810028750B /* ContactDetailsViewController.swift in Sources */ = {isa = PBXBuildFile; fileRef = 0CBFA0D92150C1810028750B /* ContactDetailsViewController.swift */; };
		0CBFA0E5215376110028750B /* TodoListViewModel.swift in Sources */ = {isa = PBXBuildFile; fileRef = 0CBFA0E4215376110028750B /* TodoListViewModel.swift */; };
		0CBFA0F32158D2F60028750B /* AddContactViewObject.swift in Sources */ = {isa = PBXBuildFile; fileRef = 0CBFA0F22158D2F60028750B /* AddContactViewObject.swift */; };
		0CC2CD37216D992900233A1E /* ArchivesViewModel.swift in Sources */ = {isa = PBXBuildFile; fileRef = 0CC2CD36216D992900233A1E /* ArchivesViewModel.swift */; };
		240C858821B104B400509ABD /* Fabric.framework in Frameworks */ = {isa = PBXBuildFile; fileRef = 240C858621B104B300509ABD /* Fabric.framework */; };
		240C858921B104B400509ABD /* Crashlytics.framework in Frameworks */ = {isa = PBXBuildFile; fileRef = 240C858721B104B400509ABD /* Crashlytics.framework */; };
		24140A672148AF9B007687EB /* SecurityViewController.swift in Sources */ = {isa = PBXBuildFile; fileRef = 24140A5C2148AF9B007687EB /* SecurityViewController.swift */; };
		24140A682148AF9B007687EB /* SecurityViewModel.swift in Sources */ = {isa = PBXBuildFile; fileRef = 24140A5D2148AF9B007687EB /* SecurityViewModel.swift */; };
		24140A6A2148AF9B007687EB /* SettingsViewModel.swift in Sources */ = {isa = PBXBuildFile; fileRef = 24140A5F2148AF9B007687EB /* SettingsViewModel.swift */; };
		24140A6B2148AF9B007687EB /* ChangePasscodeViewController.swift in Sources */ = {isa = PBXBuildFile; fileRef = 24140A612148AF9B007687EB /* ChangePasscodeViewController.swift */; };
		24140A6D2148AF9B007687EB /* SettingsNavViewController.swift in Sources */ = {isa = PBXBuildFile; fileRef = 24140A632148AF9B007687EB /* SettingsNavViewController.swift */; };
		24140A6F2148AF9B007687EB /* SettingsViewController.swift in Sources */ = {isa = PBXBuildFile; fileRef = 24140A662148AF9B007687EB /* SettingsViewController.swift */; };
		242717D821491150001792BD /* HomeViewController.swift in Sources */ = {isa = PBXBuildFile; fileRef = 242717D721491150001792BD /* HomeViewController.swift */; };
		2450D380214209FA00F5F61F /* RealmStore.swift in Sources */ = {isa = PBXBuildFile; fileRef = 2450D37F214209FA00F5F61F /* RealmStore.swift */; };
		2450D38321420A7400F5F61F /* Model.swift in Sources */ = {isa = PBXBuildFile; fileRef = 2450D38221420A7400F5F61F /* Model.swift */; };
		2450D38621420AEC00F5F61F /* Networking.swift in Sources */ = {isa = PBXBuildFile; fileRef = 2450D38521420AEC00F5F61F /* Networking.swift */; };
		2450D38921420B4000F5F61F /* StoreManager.swift in Sources */ = {isa = PBXBuildFile; fileRef = 2450D38821420B4000F5F61F /* StoreManager.swift */; };
		2450D38B21420DD600F5F61F /* ServiceManager.swift in Sources */ = {isa = PBXBuildFile; fileRef = 2450D38A21420DD600F5F61F /* ServiceManager.swift */; };
		2450D38E2142106200F5F61F /* DateExtension.swift in Sources */ = {isa = PBXBuildFile; fileRef = 2450D38D2142106200F5F61F /* DateExtension.swift */; };
		2450D3942142143100F5F61F /* Utils.swift in Sources */ = {isa = PBXBuildFile; fileRef = 2450D3932142143100F5F61F /* Utils.swift */; };
		2450D3AC21427D2400F5F61F /* LaunchScreen.storyboard in Resources */ = {isa = PBXBuildFile; fileRef = 2450D3AB21427D2400F5F61F /* LaunchScreen.storyboard */; };
		2455FBBB21508E8D00881541 /* DetailsTodoListViewController.swift in Sources */ = {isa = PBXBuildFile; fileRef = 2455FBBA21508E8D00881541 /* DetailsTodoListViewController.swift */; };
		2455FBBD21508EA700881541 /* DetailsTodoListViewModel.swift in Sources */ = {isa = PBXBuildFile; fileRef = 2455FBBC21508EA700881541 /* DetailsTodoListViewModel.swift */; };
		2455FBBF2150956100881541 /* TodoListNavViewController.swift in Sources */ = {isa = PBXBuildFile; fileRef = 2455FBBE2150956100881541 /* TodoListNavViewController.swift */; };
		2455FBC121509B4E00881541 /* DetailsTodoTableViewCell.swift in Sources */ = {isa = PBXBuildFile; fileRef = 2455FBC021509B4E00881541 /* DetailsTodoTableViewCell.swift */; };
		2455FBC32150C92B00881541 /* NotesPopUpControllerView.swift in Sources */ = {isa = PBXBuildFile; fileRef = 2455FBC22150C92B00881541 /* NotesPopUpControllerView.swift */; };
		2455FBC52150CA9000881541 /* NotesViewController.swift in Sources */ = {isa = PBXBuildFile; fileRef = 2455FBC42150CA9000881541 /* NotesViewController.swift */; };
		2455FBC72150D6FD00881541 /* ColorExtension.swift in Sources */ = {isa = PBXBuildFile; fileRef = 2455FBC62150D6FD00881541 /* ColorExtension.swift */; };
		2455FBC92150DCBB00881541 /* TodoListViewController.swift in Sources */ = {isa = PBXBuildFile; fileRef = 2455FBC82150DCBB00881541 /* TodoListViewController.swift */; };
		2455FBCC2150DD8100881541 /* AddNoteNavViewController.swift in Sources */ = {isa = PBXBuildFile; fileRef = 2455FBCB2150DD8100881541 /* AddNoteNavViewController.swift */; };
		2455FBCE2150EEED00881541 /* AddTodoViewObject.swift in Sources */ = {isa = PBXBuildFile; fileRef = 2455FBCD2150EEED00881541 /* AddTodoViewObject.swift */; };
		2455FBD02151D87D00881541 /* UserNotifications.framework in Frameworks */ = {isa = PBXBuildFile; fileRef = 2455FBCF2151D87D00881541 /* UserNotifications.framework */; };
		2455FBD22151F2B800881541 /* AddNote.swift in Sources */ = {isa = PBXBuildFile; fileRef = 2455FBD12151F2B800881541 /* AddNote.swift */; };
		2455FBD6215227E700881541 /* DateAndTimePickerViewController.swift in Sources */ = {isa = PBXBuildFile; fileRef = 2455FBD5215227E700881541 /* DateAndTimePickerViewController.swift */; };
		2460FC4A2176CBA300DBF03B /* ImagePicker.framework in Frameworks */ = {isa = PBXBuildFile; fileRef = 2460FC492176CBA200DBF03B /* ImagePicker.framework */; };
		2460FC4C2176E1CB00DBF03B /* Kingfisher.framework in Frameworks */ = {isa = PBXBuildFile; fileRef = 2460FC4B2176E1CB00DBF03B /* Kingfisher.framework */; };
		246714EC21A78D0900518228 /* SnapKit.framework in Frameworks */ = {isa = PBXBuildFile; fileRef = 246714EB21A78D0900518228 /* SnapKit.framework */; };
		246714EE21A793EA00518228 /* ObjectMapper.framework in Frameworks */ = {isa = PBXBuildFile; fileRef = 246714ED21A793EA00518228 /* ObjectMapper.framework */; };
		246714F021A7952300518228 /* SwiftyUserDefaults.framework in Frameworks */ = {isa = PBXBuildFile; fileRef = 246714EF21A7952300518228 /* SwiftyUserDefaults.framework */; };
		246714F321A79D5700518228 /* RealmSwift.framework in Frameworks */ = {isa = PBXBuildFile; fileRef = 246714F121A79D5700518228 /* RealmSwift.framework */; };
		246714F421A79D5700518228 /* Realm.framework in Frameworks */ = {isa = PBXBuildFile; fileRef = 246714F221A79D5700518228 /* Realm.framework */; };
		246714F621A7A41100518228 /* Alamofire.framework in Frameworks */ = {isa = PBXBuildFile; fileRef = 246714F521A7A41100518228 /* Alamofire.framework */; };
		246714F821A7A76400518228 /* HomeViewControllerV2.swift in Sources */ = {isa = PBXBuildFile; fileRef = 246714F721A7A76400518228 /* HomeViewControllerV2.swift */; };
		246714FA21A7B13700518228 /* DashHeaderView.swift in Sources */ = {isa = PBXBuildFile; fileRef = 246714F921A7B13700518228 /* DashHeaderView.swift */; };
		246714FC21A7D8E100518228 /* LeftIconButton.swift in Sources */ = {isa = PBXBuildFile; fileRef = 246714FB21A7D8E100518228 /* LeftIconButton.swift */; };
		246714FE21A7D91900518228 /* RightIconButton.swift in Sources */ = {isa = PBXBuildFile; fileRef = 246714FD21A7D91900518228 /* RightIconButton.swift */; };
		2468C4C52182A50D0062D3FF /* Checklist.swift in Sources */ = {isa = PBXBuildFile; fileRef = 2468C4C42182A50D0062D3FF /* Checklist.swift */; };
		24701A44219A6BBE00028F43 /* PaperOnboarding.framework in Frameworks */ = {isa = PBXBuildFile; fileRef = 24701A43219A6BBE00028F43 /* PaperOnboarding.framework */; };
		24701A46219A71F800028F43 /* OnboardingInfoViewController.swift in Sources */ = {isa = PBXBuildFile; fileRef = 24701A45219A71F800028F43 /* OnboardingInfoViewController.swift */; };
		24775F5F217F0451004319B1 /* ResourceViewController.swift in Sources */ = {isa = PBXBuildFile; fileRef = 24775F5E217F0451004319B1 /* ResourceViewController.swift */; };
		247E7A2321BA51EB00FBDCAE /* UserFiles.swift in Sources */ = {isa = PBXBuildFile; fileRef = 247E7A2221BA51EB00FBDCAE /* UserFiles.swift */; };
		247E7A2521BA5C7F00FBDCAE /* ResourcesAndFilesModel.swift in Sources */ = {isa = PBXBuildFile; fileRef = 247E7A2421BA5C7F00FBDCAE /* ResourcesAndFilesModel.swift */; };
		24811D43215B5AE500C1ED20 /* ClusterMapViewController.swift in Sources */ = {isa = PBXBuildFile; fileRef = 24811D42215B5AE500C1ED20 /* ClusterMapViewController.swift */; };
		24819DF421AB86E5001487A1 /* HomeTableViewCell.swift in Sources */ = {isa = PBXBuildFile; fileRef = 24819DF321AB86E5001487A1 /* HomeTableViewCell.swift */; };
		24819DF621ABD108001487A1 /* GradientView.swift in Sources */ = {isa = PBXBuildFile; fileRef = 24819DF521ABD108001487A1 /* GradientView.swift */; };
		24819DFC21ABD945001487A1 /* MapView.swift in Sources */ = {isa = PBXBuildFile; fileRef = 24819DFB21ABD945001487A1 /* MapView.swift */; };
		2484739521670FF000C6AFE7 /* Localizable.swift in Sources */ = {isa = PBXBuildFile; fileRef = 2484739421670FF000C6AFE7 /* Localizable.swift */; };
		2484739E2167119D00C6AFE7 /* Localizable.strings in Resources */ = {isa = PBXBuildFile; fileRef = 248473A02167119D00C6AFE7 /* Localizable.strings */; };
		24854D3E216EEC2100BD9663 /* bgimage.jpg in Resources */ = {isa = PBXBuildFile; fileRef = 24854D3D216EEC2100BD9663 /* bgimage.jpg */; };
		248B83832140B29D00119D9D /* Assets.xcassets in Resources */ = {isa = PBXBuildFile; fileRef = 248B83822140B29D00119D9D /* Assets.xcassets */; };
		248B839A2141014600119D9D /* ActionButton.swift in Sources */ = {isa = PBXBuildFile; fileRef = 248B83992141014600119D9D /* ActionButton.swift */; };
		2491C0E62165E37700037578 /* morning.jpg in Resources */ = {isa = PBXBuildFile; fileRef = 2491C0E52165E37700037578 /* morning.jpg */; };
		2491C0E82165E64A00037578 /* afternoon.jpg in Resources */ = {isa = PBXBuildFile; fileRef = 2491C0E72165E64A00037578 /* afternoon.jpg */; };
		2491C0EC2165E75300037578 /* noon.jpg in Resources */ = {isa = PBXBuildFile; fileRef = 2491C0EB2165E75300037578 /* noon.jpg */; };
		2491C0F02165EEB100037578 /* evening.jpeg in Resources */ = {isa = PBXBuildFile; fileRef = 2491C0EF2165EEB100037578 /* evening.jpeg */; };
		24A2F2CD2158BBF100277DA8 /* LocationModel.swift in Sources */ = {isa = PBXBuildFile; fileRef = 24A2F2CC2158BBF100277DA8 /* LocationModel.swift */; };
		24A2F2D32158DDF000277DA8 /* MapViewController.swift in Sources */ = {isa = PBXBuildFile; fileRef = 24A2F2D22158DDF000277DA8 /* MapViewController.swift */; };
		24AE1BF321ACD55F00D74186 /* CCZoomAnimatedTransitioning.swift in Sources */ = {isa = PBXBuildFile; fileRef = 24AE1BEF21ACD55E00D74186 /* CCZoomAnimatedTransitioning.swift */; };
		24AE1BF421ACD55F00D74186 /* CCSwipBackPresentationController.swift in Sources */ = {isa = PBXBuildFile; fileRef = 24AE1BF021ACD55E00D74186 /* CCSwipBackPresentationController.swift */; };
		24AE1BF521ACD55F00D74186 /* CCZoomTransitionVCExtension.swift in Sources */ = {isa = PBXBuildFile; fileRef = 24AE1BF121ACD55E00D74186 /* CCZoomTransitionVCExtension.swift */; };
		24AE1BF621ACD55F00D74186 /* CCZoomTransitioner.swift in Sources */ = {isa = PBXBuildFile; fileRef = 24AE1BF221ACD55F00D74186 /* CCZoomTransitioner.swift */; };
		24AE1BF821ACF30D00D74186 /* SelfSizedTableView.swift in Sources */ = {isa = PBXBuildFile; fileRef = 24AE1BF721ACF30D00D74186 /* SelfSizedTableView.swift */; };
		24AE1BFE21AD3A5F00D74186 /* CalendarView.swift in Sources */ = {isa = PBXBuildFile; fileRef = 24AE1BFD21AD3A5F00D74186 /* CalendarView.swift */; };
		24B186CB2154B8DF0028CE23 /* SearchFooterView.swift in Sources */ = {isa = PBXBuildFile; fileRef = 24B186CA2154B8DF0028CE23 /* SearchFooterView.swift */; };
		24D1B7FF216359AC001D519C /* FSCalendar.framework in Frameworks */ = {isa = PBXBuildFile; fileRef = 24D1B7FE216359AC001D519C /* FSCalendar.framework */; };
		24D1B80521636816001D519C /* HomeViewModel.swift in Sources */ = {isa = PBXBuildFile; fileRef = 24D1B80421636816001D519C /* HomeViewModel.swift */; };
		24D55FBA21410A8D001140C1 /* SessionService.swift in Sources */ = {isa = PBXBuildFile; fileRef = 24D55FB921410A8D001140C1 /* SessionService.swift */; };
		24D8B2C12149F57800EC7DBE /* ViewControllerProtocol.swift in Sources */ = {isa = PBXBuildFile; fileRef = 24D8B2C02149F57800EC7DBE /* ViewControllerProtocol.swift */; };
		24D8B2C4214A193A00EC7DBE /* NavBarProtocols.swift in Sources */ = {isa = PBXBuildFile; fileRef = 24D8B2C3214A193A00EC7DBE /* NavBarProtocols.swift */; };
		24EA824121BF9FB700EA26BB /* StringExtension.swift in Sources */ = {isa = PBXBuildFile; fileRef = 24EA824021BF9FB700EA26BB /* StringExtension.swift */; };
		24FE315D2164A2FB00A4EB96 /* HomeCalendarCell.swift in Sources */ = {isa = PBXBuildFile; fileRef = 24FE315C2164A2FB00A4EB96 /* HomeCalendarCell.swift */; };
		24FE315F2164B1C500A4EB96 /* UIViewExtensions.swift in Sources */ = {isa = PBXBuildFile; fileRef = 24FE315E2164B1C500A4EB96 /* UIViewExtensions.swift */; };
		735165380657D3B189D33234 /* Pods_PlannerApp.framework in Frameworks */ = {isa = PBXBuildFile; fileRef = 86EE6281404B932663E52096 /* Pods_PlannerApp.framework */; };
		D60A199A21422DF4008246FE /* UserModel.swift in Sources */ = {isa = PBXBuildFile; fileRef = D60A199921422DF4008246FE /* UserModel.swift */; };
		D60A199C21423282008246FE /* UIAlertController+Convenience.swift in Sources */ = {isa = PBXBuildFile; fileRef = D60A199B21423282008246FE /* UIAlertController+Convenience.swift */; };
		D60A199E21426253008246FE /* LocalAuthentication.framework in Frameworks */ = {isa = PBXBuildFile; fileRef = D60A199D21426253008246FE /* LocalAuthentication.framework */; };
		D639EACF2148B7980053894C /* UserViewModel.swift in Sources */ = {isa = PBXBuildFile; fileRef = D639EACE2148B7980053894C /* UserViewModel.swift */; };
		D64881F521941623009A6C8D /* test.pdf in Resources */ = {isa = PBXBuildFile; fileRef = D64881F421941623009A6C8D /* test.pdf */; };
		D66DDB5121901FD5002077A2 /* CSVExport.swift in Sources */ = {isa = PBXBuildFile; fileRef = D66DDB4E21901FD5002077A2 /* CSVExport.swift */; };
		D66DDB5221901FD5002077A2 /* CSVValidateProtocol.swift in Sources */ = {isa = PBXBuildFile; fileRef = D66DDB4F21901FD5002077A2 /* CSVValidateProtocol.swift */; };
		D66DDB5321901FD5002077A2 /* CSVConstants.swift in Sources */ = {isa = PBXBuildFile; fileRef = D66DDB5021901FD5002077A2 /* CSVConstants.swift */; };
		D66E10CE215081D7005625BF /* ContactModel.swift in Sources */ = {isa = PBXBuildFile; fileRef = D66E10CD215081D7005625BF /* ContactModel.swift */; };
		D66E10D02150C2E2005625BF /* ContactViewModel.swift in Sources */ = {isa = PBXBuildFile; fileRef = D66E10CF2150C2E2005625BF /* ContactViewModel.swift */; };
		D6715D882140C82E00957E86 /* LoginViewController.swift in Sources */ = {isa = PBXBuildFile; fileRef = D6715D872140C82E00957E86 /* LoginViewController.swift */; };
		D6715D8A2140DD8000957E86 /* RegisterViewController.swift in Sources */ = {isa = PBXBuildFile; fileRef = D6715D892140DD8000957E86 /* RegisterViewController.swift */; };
		D6715D9B2140FBA900957E86 /* SF-Pro-Text-Light.otf in Resources */ = {isa = PBXBuildFile; fileRef = D6715D8F2140FBA800957E86 /* SF-Pro-Text-Light.otf */; };
		D6715D9C2140FBA900957E86 /* SF-Pro-Text-Regular.otf in Resources */ = {isa = PBXBuildFile; fileRef = D6715D902140FBA800957E86 /* SF-Pro-Text-Regular.otf */; };
		D6715D9D2140FBA900957E86 /* SF-Pro-Text-Bold.otf in Resources */ = {isa = PBXBuildFile; fileRef = D6715D912140FBA800957E86 /* SF-Pro-Text-Bold.otf */; };
		D6715DA32140FBA900957E86 /* SF-Pro-Text-Semibold.otf in Resources */ = {isa = PBXBuildFile; fileRef = D6715D972140FBA800957E86 /* SF-Pro-Text-Semibold.otf */; };
		D6715DA42140FBA900957E86 /* SF-Pro-Text-Heavy.otf in Resources */ = {isa = PBXBuildFile; fileRef = D6715D982140FBA800957E86 /* SF-Pro-Text-Heavy.otf */; };
		D6715DA52140FBA900957E86 /* SF-Pro-Text-Medium.otf in Resources */ = {isa = PBXBuildFile; fileRef = D6715D992140FBA800957E86 /* SF-Pro-Text-Medium.otf */; };
		D6715DA821411BD800957E86 /* CommonColor.swift in Sources */ = {isa = PBXBuildFile; fileRef = D6715DA721411BD800957E86 /* CommonColor.swift */; };
		D6715DAA21411DF800957E86 /* CommonFontType.swift in Sources */ = {isa = PBXBuildFile; fileRef = D6715DA921411DF800957E86 /* CommonFontType.swift */; };
		D6715DAE2141213C00957E86 /* BaseViewController.swift in Sources */ = {isa = PBXBuildFile; fileRef = D6715DAC2141213C00957E86 /* BaseViewController.swift */; };
		D6715DAF2141213C00957E86 /* BaseNavigationController.swift in Sources */ = {isa = PBXBuildFile; fileRef = D6715DAD2141213C00957E86 /* BaseNavigationController.swift */; };
		D6715DB32141218A00957E86 /* HomeNavController.swift in Sources */ = {isa = PBXBuildFile; fileRef = D6715DB12141218900957E86 /* HomeNavController.swift */; };
		D6715DB5214122CB00957E86 /* AppDelegate.swift in Sources */ = {isa = PBXBuildFile; fileRef = 248B837B2140B29D00119D9D /* AppDelegate.swift */; };
/* End PBXBuildFile section */

/* Begin PBXFileReference section */
		02D9125D0BBA1F8C7DCE2639 /* Pods-PlannerApp.release.xcconfig */ = {isa = PBXFileReference; includeInIndex = 1; lastKnownFileType = text.xcconfig; name = "Pods-PlannerApp.release.xcconfig"; path = "Pods/Target Support Files/Pods-PlannerApp/Pods-PlannerApp.release.xcconfig"; sourceTree = "<group>"; };
		0C1933A0217D7F6500AC495A /* ContactListTableViewCell.swift */ = {isa = PBXFileReference; lastKnownFileType = sourcecode.swift; path = ContactListTableViewCell.swift; sourceTree = "<group>"; };
		0C1E5FFB2181551700DC8750 /* SummaryViewModel.swift */ = {isa = PBXFileReference; lastKnownFileType = sourcecode.swift; path = SummaryViewModel.swift; sourceTree = "<group>"; };
		0C1E5FFD2181B23E00DC8750 /* LogsTableViewCell.swift */ = {isa = PBXFileReference; lastKnownFileType = sourcecode.swift; path = LogsTableViewCell.swift; sourceTree = "<group>"; };
		0C1E5FFF2181B25F00DC8750 /* ToDoTableViewCell.swift */ = {isa = PBXFileReference; lastKnownFileType = sourcecode.swift; path = ToDoTableViewCell.swift; sourceTree = "<group>"; };
		0C1E60012181B27800DC8750 /* SocialsTableViewCell.swift */ = {isa = PBXFileReference; lastKnownFileType = sourcecode.swift; path = SocialsTableViewCell.swift; sourceTree = "<group>"; };
		0C1E60032181B2B900DC8750 /* FilesTableViewCell.swift */ = {isa = PBXFileReference; lastKnownFileType = sourcecode.swift; path = FilesTableViewCell.swift; sourceTree = "<group>"; };
		0C1E60052181B2CF00DC8750 /* InfoTableViewCell.swift */ = {isa = PBXFileReference; lastKnownFileType = sourcecode.swift; path = InfoTableViewCell.swift; sourceTree = "<group>"; };
		0C2C11AE215B5F39002479F1 /* ContactDetailTableViewCell.swift */ = {isa = PBXFileReference; lastKnownFileType = sourcecode.swift; path = ContactDetailTableViewCell.swift; sourceTree = "<group>"; };
		0C8DBA1D21630513009A1475 /* SummaryViewController.swift */ = {isa = PBXFileReference; lastKnownFileType = sourcecode.swift; path = SummaryViewController.swift; sourceTree = "<group>"; };
		0C8DBA1F21631E88009A1475 /* SummaryCollectionViewCell.swift */ = {isa = PBXFileReference; lastKnownFileType = sourcecode.swift; path = SummaryCollectionViewCell.swift; sourceTree = "<group>"; };
		0C8DBA23216359A6009A1475 /* SummaryBarChart.swift */ = {isa = PBXFileReference; lastKnownFileType = sourcecode.swift; path = SummaryBarChart.swift; sourceTree = "<group>"; };
		0C8DBA25216359E1009A1475 /* SummaryBarEntry.swift */ = {isa = PBXFileReference; lastKnownFileType = sourcecode.swift; path = SummaryBarEntry.swift; sourceTree = "<group>"; };
		0C8DBA28216369BD009A1475 /* NotificationsListViewController.swift */ = {isa = PBXFileReference; lastKnownFileType = sourcecode.swift; path = NotificationsListViewController.swift; sourceTree = "<group>"; };
		0C8DBA2A21636AEA009A1475 /* NotificationViewModel.swift */ = {isa = PBXFileReference; lastKnownFileType = sourcecode.swift; path = NotificationViewModel.swift; sourceTree = "<group>"; };
		0C8DBA2D21646A66009A1475 /* PanelListViewController.swift */ = {isa = PBXFileReference; lastKnownFileType = sourcecode.swift; path = PanelListViewController.swift; sourceTree = "<group>"; };
		0C8DBA2F21646D01009A1475 /* PanelListDetailsViewController.swift */ = {isa = PBXFileReference; lastKnownFileType = sourcecode.swift; path = PanelListDetailsViewController.swift; sourceTree = "<group>"; };
		0C8DBA322164711B009A1475 /* ArchivesViewController.swift */ = {isa = PBXFileReference; lastKnownFileType = sourcecode.swift; path = ArchivesViewController.swift; sourceTree = "<group>"; };
		0C8DBA3521647150009A1475 /* LanguageSettingsViewController.swift */ = {isa = PBXFileReference; lastKnownFileType = sourcecode.swift; path = LanguageSettingsViewController.swift; sourceTree = "<group>"; };
		0C8DBA382164737A009A1475 /* MessageTemplatesViewController.swift */ = {isa = PBXFileReference; lastKnownFileType = sourcecode.swift; path = MessageTemplatesViewController.swift; sourceTree = "<group>"; };
		0C8DBA3A2165C610009A1475 /* AddPanelViewController.swift */ = {isa = PBXFileReference; lastKnownFileType = sourcecode.swift; path = AddPanelViewController.swift; sourceTree = "<group>"; };
		0C8DBA3C2165F9DA009A1475 /* MessageTemplatesDetailsViewController.swift */ = {isa = PBXFileReference; lastKnownFileType = sourcecode.swift; path = MessageTemplatesDetailsViewController.swift; sourceTree = "<group>"; };
		0C8DBA3E21673790009A1475 /* EmailActionSheetPresenter.swift */ = {isa = PBXFileReference; lastKnownFileType = sourcecode.swift; path = EmailActionSheetPresenter.swift; sourceTree = "<group>"; };
		0C8DBA40216AF2C4009A1475 /* PanelListModel.swift */ = {isa = PBXFileReference; lastKnownFileType = sourcecode.swift; path = PanelListModel.swift; sourceTree = "<group>"; };
		0C8DBA42216AFBD3009A1475 /* PanelListViewModel.swift */ = {isa = PBXFileReference; lastKnownFileType = sourcecode.swift; path = PanelListViewModel.swift; sourceTree = "<group>"; };
		0C8DBA46216B3A29009A1475 /* PanelListDetailViewModel.swift */ = {isa = PBXFileReference; lastKnownFileType = sourcecode.swift; path = PanelListDetailViewModel.swift; sourceTree = "<group>"; };
		0C8DBA48216C4B7A009A1475 /* MessageTemplatesModel.swift */ = {isa = PBXFileReference; lastKnownFileType = sourcecode.swift; path = MessageTemplatesModel.swift; sourceTree = "<group>"; };
		0C8DBA4C216C4DBD009A1475 /* MessageTemplateListViewModel.swift */ = {isa = PBXFileReference; lastKnownFileType = sourcecode.swift; path = MessageTemplateListViewModel.swift; sourceTree = "<group>"; };
		0C8DBA4E216C4EE3009A1475 /* MessageTemplateDetailsViewModel.swift */ = {isa = PBXFileReference; lastKnownFileType = sourcecode.swift; path = MessageTemplateDetailsViewModel.swift; sourceTree = "<group>"; };
		0CBFA0CF21509C050028750B /* ContactListNavViewController.swift */ = {isa = PBXFileReference; lastKnownFileType = sourcecode.swift; path = ContactListNavViewController.swift; sourceTree = "<group>"; };
		0CBFA0D121509C3C0028750B /* ContactListViewController.swift */ = {isa = PBXFileReference; lastKnownFileType = sourcecode.swift; path = ContactListViewController.swift; sourceTree = "<group>"; };
		0CBFA0D321509CA80028750B /* ContactListViewModel.swift */ = {isa = PBXFileReference; lastKnownFileType = sourcecode.swift; path = ContactListViewModel.swift; sourceTree = "<group>"; };
		0CBFA0D72150C1690028750B /* ContactDetailsViewModel.swift */ = {isa = PBXFileReference; lastKnownFileType = sourcecode.swift; path = ContactDetailsViewModel.swift; sourceTree = "<group>"; };
		0CBFA0D92150C1810028750B /* ContactDetailsViewController.swift */ = {isa = PBXFileReference; lastKnownFileType = sourcecode.swift; path = ContactDetailsViewController.swift; sourceTree = "<group>"; };
		0CBFA0E4215376110028750B /* TodoListViewModel.swift */ = {isa = PBXFileReference; lastKnownFileType = sourcecode.swift; path = TodoListViewModel.swift; sourceTree = "<group>"; };
		0CBFA0F22158D2F60028750B /* AddContactViewObject.swift */ = {isa = PBXFileReference; lastKnownFileType = sourcecode.swift; path = AddContactViewObject.swift; sourceTree = "<group>"; };
		0CC2CD36216D992900233A1E /* ArchivesViewModel.swift */ = {isa = PBXFileReference; lastKnownFileType = sourcecode.swift; path = ArchivesViewModel.swift; sourceTree = "<group>"; };
		240C858621B104B300509ABD /* Fabric.framework */ = {isa = PBXFileReference; lastKnownFileType = wrapper.framework; path = Fabric.framework; sourceTree = "<group>"; };
		240C858721B104B400509ABD /* Crashlytics.framework */ = {isa = PBXFileReference; lastKnownFileType = wrapper.framework; path = Crashlytics.framework; sourceTree = "<group>"; };
		24140A5C2148AF9B007687EB /* SecurityViewController.swift */ = {isa = PBXFileReference; fileEncoding = 4; lastKnownFileType = sourcecode.swift; path = SecurityViewController.swift; sourceTree = "<group>"; };
		24140A5D2148AF9B007687EB /* SecurityViewModel.swift */ = {isa = PBXFileReference; fileEncoding = 4; lastKnownFileType = sourcecode.swift; path = SecurityViewModel.swift; sourceTree = "<group>"; };
		24140A5F2148AF9B007687EB /* SettingsViewModel.swift */ = {isa = PBXFileReference; fileEncoding = 4; lastKnownFileType = sourcecode.swift; path = SettingsViewModel.swift; sourceTree = "<group>"; };
		24140A612148AF9B007687EB /* ChangePasscodeViewController.swift */ = {isa = PBXFileReference; fileEncoding = 4; lastKnownFileType = sourcecode.swift; path = ChangePasscodeViewController.swift; sourceTree = "<group>"; };
		24140A632148AF9B007687EB /* SettingsNavViewController.swift */ = {isa = PBXFileReference; fileEncoding = 4; lastKnownFileType = sourcecode.swift; path = SettingsNavViewController.swift; sourceTree = "<group>"; };
		24140A662148AF9B007687EB /* SettingsViewController.swift */ = {isa = PBXFileReference; fileEncoding = 4; lastKnownFileType = sourcecode.swift; path = SettingsViewController.swift; sourceTree = "<group>"; };
		242717D721491150001792BD /* HomeViewController.swift */ = {isa = PBXFileReference; lastKnownFileType = sourcecode.swift; path = HomeViewController.swift; sourceTree = "<group>"; };
		2450D37F214209FA00F5F61F /* RealmStore.swift */ = {isa = PBXFileReference; lastKnownFileType = sourcecode.swift; path = RealmStore.swift; sourceTree = "<group>"; };
		2450D38221420A7400F5F61F /* Model.swift */ = {isa = PBXFileReference; lastKnownFileType = sourcecode.swift; path = Model.swift; sourceTree = "<group>"; };
		2450D38521420AEC00F5F61F /* Networking.swift */ = {isa = PBXFileReference; lastKnownFileType = sourcecode.swift; path = Networking.swift; sourceTree = "<group>"; };
		2450D38821420B4000F5F61F /* StoreManager.swift */ = {isa = PBXFileReference; lastKnownFileType = sourcecode.swift; path = StoreManager.swift; sourceTree = "<group>"; };
		2450D38A21420DD600F5F61F /* ServiceManager.swift */ = {isa = PBXFileReference; lastKnownFileType = sourcecode.swift; path = ServiceManager.swift; sourceTree = "<group>"; };
		2450D38D2142106200F5F61F /* DateExtension.swift */ = {isa = PBXFileReference; lastKnownFileType = sourcecode.swift; path = DateExtension.swift; sourceTree = "<group>"; };
		2450D3932142143100F5F61F /* Utils.swift */ = {isa = PBXFileReference; lastKnownFileType = sourcecode.swift; path = Utils.swift; sourceTree = "<group>"; };
		2450D3AB21427D2400F5F61F /* LaunchScreen.storyboard */ = {isa = PBXFileReference; fileEncoding = 4; lastKnownFileType = file.storyboard; path = LaunchScreen.storyboard; sourceTree = "<group>"; };
		2455FBBA21508E8D00881541 /* DetailsTodoListViewController.swift */ = {isa = PBXFileReference; lastKnownFileType = sourcecode.swift; path = DetailsTodoListViewController.swift; sourceTree = "<group>"; };
		2455FBBC21508EA700881541 /* DetailsTodoListViewModel.swift */ = {isa = PBXFileReference; lastKnownFileType = sourcecode.swift; path = DetailsTodoListViewModel.swift; sourceTree = "<group>"; };
		2455FBBE2150956100881541 /* TodoListNavViewController.swift */ = {isa = PBXFileReference; lastKnownFileType = sourcecode.swift; path = TodoListNavViewController.swift; sourceTree = "<group>"; };
		2455FBC021509B4E00881541 /* DetailsTodoTableViewCell.swift */ = {isa = PBXFileReference; lastKnownFileType = sourcecode.swift; path = DetailsTodoTableViewCell.swift; sourceTree = "<group>"; };
		2455FBC22150C92B00881541 /* NotesPopUpControllerView.swift */ = {isa = PBXFileReference; lastKnownFileType = sourcecode.swift; path = NotesPopUpControllerView.swift; sourceTree = "<group>"; };
		2455FBC42150CA9000881541 /* NotesViewController.swift */ = {isa = PBXFileReference; lastKnownFileType = sourcecode.swift; path = NotesViewController.swift; sourceTree = "<group>"; };
		2455FBC62150D6FD00881541 /* ColorExtension.swift */ = {isa = PBXFileReference; lastKnownFileType = sourcecode.swift; path = ColorExtension.swift; sourceTree = "<group>"; };
		2455FBC82150DCBB00881541 /* TodoListViewController.swift */ = {isa = PBXFileReference; lastKnownFileType = sourcecode.swift; path = TodoListViewController.swift; sourceTree = "<group>"; };
		2455FBCB2150DD8100881541 /* AddNoteNavViewController.swift */ = {isa = PBXFileReference; lastKnownFileType = sourcecode.swift; path = AddNoteNavViewController.swift; sourceTree = "<group>"; };
		2455FBCD2150EEED00881541 /* AddTodoViewObject.swift */ = {isa = PBXFileReference; lastKnownFileType = sourcecode.swift; path = AddTodoViewObject.swift; sourceTree = "<group>"; };
		2455FBCF2151D87D00881541 /* UserNotifications.framework */ = {isa = PBXFileReference; lastKnownFileType = wrapper.framework; name = UserNotifications.framework; path = System/Library/Frameworks/UserNotifications.framework; sourceTree = SDKROOT; };
		2455FBD12151F2B800881541 /* AddNote.swift */ = {isa = PBXFileReference; lastKnownFileType = sourcecode.swift; path = AddNote.swift; sourceTree = "<group>"; };
		2455FBD5215227E700881541 /* DateAndTimePickerViewController.swift */ = {isa = PBXFileReference; lastKnownFileType = sourcecode.swift; path = DateAndTimePickerViewController.swift; sourceTree = "<group>"; };
		2460FC492176CBA200DBF03B /* ImagePicker.framework */ = {isa = PBXFileReference; lastKnownFileType = wrapper.framework; name = ImagePicker.framework; path = Carthage/Build/iOS/ImagePicker.framework; sourceTree = "<group>"; };
		2460FC4B2176E1CB00DBF03B /* Kingfisher.framework */ = {isa = PBXFileReference; lastKnownFileType = wrapper.framework; name = Kingfisher.framework; path = Carthage/Build/iOS/Kingfisher.framework; sourceTree = "<group>"; };
		246714EB21A78D0900518228 /* SnapKit.framework */ = {isa = PBXFileReference; lastKnownFileType = wrapper.framework; name = SnapKit.framework; path = Carthage/Build/iOS/SnapKit.framework; sourceTree = "<group>"; };
		246714ED21A793EA00518228 /* ObjectMapper.framework */ = {isa = PBXFileReference; lastKnownFileType = wrapper.framework; name = ObjectMapper.framework; path = Carthage/Build/iOS/ObjectMapper.framework; sourceTree = "<group>"; };
		246714EF21A7952300518228 /* SwiftyUserDefaults.framework */ = {isa = PBXFileReference; lastKnownFileType = wrapper.framework; name = SwiftyUserDefaults.framework; path = Carthage/Build/iOS/SwiftyUserDefaults.framework; sourceTree = "<group>"; };
		246714F121A79D5700518228 /* RealmSwift.framework */ = {isa = PBXFileReference; lastKnownFileType = wrapper.framework; name = RealmSwift.framework; path = Carthage/Build/iOS/RealmSwift.framework; sourceTree = "<group>"; };
		246714F221A79D5700518228 /* Realm.framework */ = {isa = PBXFileReference; lastKnownFileType = wrapper.framework; name = Realm.framework; path = Carthage/Build/iOS/Realm.framework; sourceTree = "<group>"; };
		246714F521A7A41100518228 /* Alamofire.framework */ = {isa = PBXFileReference; lastKnownFileType = wrapper.framework; name = Alamofire.framework; path = Carthage/Build/iOS/Alamofire.framework; sourceTree = "<group>"; };
		246714F721A7A76400518228 /* HomeViewControllerV2.swift */ = {isa = PBXFileReference; lastKnownFileType = sourcecode.swift; path = HomeViewControllerV2.swift; sourceTree = "<group>"; };
		246714F921A7B13700518228 /* DashHeaderView.swift */ = {isa = PBXFileReference; lastKnownFileType = sourcecode.swift; path = DashHeaderView.swift; sourceTree = "<group>"; };
		246714FB21A7D8E100518228 /* LeftIconButton.swift */ = {isa = PBXFileReference; lastKnownFileType = sourcecode.swift; path = LeftIconButton.swift; sourceTree = "<group>"; };
		246714FD21A7D91900518228 /* RightIconButton.swift */ = {isa = PBXFileReference; lastKnownFileType = sourcecode.swift; path = RightIconButton.swift; sourceTree = "<group>"; };
		2468C4C42182A50D0062D3FF /* Checklist.swift */ = {isa = PBXFileReference; lastKnownFileType = sourcecode.swift; path = Checklist.swift; sourceTree = "<group>"; };
		246F01782167346D008EBE76 /* ms-MY */ = {isa = PBXFileReference; lastKnownFileType = text.plist.strings; name = "ms-MY"; path = "ms-MY.lproj/Localizable.strings"; sourceTree = "<group>"; };
		24701A43219A6BBE00028F43 /* PaperOnboarding.framework */ = {isa = PBXFileReference; lastKnownFileType = wrapper.framework; name = PaperOnboarding.framework; path = Carthage/Build/iOS/PaperOnboarding.framework; sourceTree = "<group>"; };
		24701A45219A71F800028F43 /* OnboardingInfoViewController.swift */ = {isa = PBXFileReference; lastKnownFileType = sourcecode.swift; path = OnboardingInfoViewController.swift; sourceTree = "<group>"; };
		24775F5E217F0451004319B1 /* ResourceViewController.swift */ = {isa = PBXFileReference; lastKnownFileType = sourcecode.swift; path = ResourceViewController.swift; sourceTree = "<group>"; };
		24775F60217F1183004319B1 /* PlannerApp.entitlements */ = {isa = PBXFileReference; lastKnownFileType = text.plist.entitlements; path = PlannerApp.entitlements; sourceTree = "<group>"; };
		247E7A2221BA51EB00FBDCAE /* UserFiles.swift */ = {isa = PBXFileReference; lastKnownFileType = sourcecode.swift; path = UserFiles.swift; sourceTree = "<group>"; };
		247E7A2421BA5C7F00FBDCAE /* ResourcesAndFilesModel.swift */ = {isa = PBXFileReference; lastKnownFileType = sourcecode.swift; path = ResourcesAndFilesModel.swift; sourceTree = "<group>"; };
		24811D42215B5AE500C1ED20 /* ClusterMapViewController.swift */ = {isa = PBXFileReference; lastKnownFileType = sourcecode.swift; path = ClusterMapViewController.swift; sourceTree = "<group>"; };
		24819DF321AB86E5001487A1 /* HomeTableViewCell.swift */ = {isa = PBXFileReference; lastKnownFileType = sourcecode.swift; path = HomeTableViewCell.swift; sourceTree = "<group>"; };
		24819DF521ABD108001487A1 /* GradientView.swift */ = {isa = PBXFileReference; lastKnownFileType = sourcecode.swift; path = GradientView.swift; sourceTree = "<group>"; };
		24819DFB21ABD945001487A1 /* MapView.swift */ = {isa = PBXFileReference; lastKnownFileType = sourcecode.swift; path = MapView.swift; sourceTree = "<group>"; };
		2484739421670FF000C6AFE7 /* Localizable.swift */ = {isa = PBXFileReference; lastKnownFileType = sourcecode.swift; path = Localizable.swift; sourceTree = "<group>"; };
		2484739F2167119D00C6AFE7 /* en */ = {isa = PBXFileReference; lastKnownFileType = text.plist.strings; name = en; path = en.lproj/Localizable.strings; sourceTree = "<group>"; };
		248473A32167131A00C6AFE7 /* zh */ = {isa = PBXFileReference; lastKnownFileType = text.plist.strings; name = zh; path = zh.lproj/Localizable.strings; sourceTree = "<group>"; };
		24854D3D216EEC2100BD9663 /* bgimage.jpg */ = {isa = PBXFileReference; lastKnownFileType = image.jpeg; path = bgimage.jpg; sourceTree = "<group>"; };
		248B83782140B29D00119D9D /* PlannerApp.app */ = {isa = PBXFileReference; explicitFileType = wrapper.application; includeInIndex = 0; path = PlannerApp.app; sourceTree = BUILT_PRODUCTS_DIR; };
		248B837B2140B29D00119D9D /* AppDelegate.swift */ = {isa = PBXFileReference; lastKnownFileType = sourcecode.swift; path = AppDelegate.swift; sourceTree = "<group>"; };
		248B83822140B29D00119D9D /* Assets.xcassets */ = {isa = PBXFileReference; lastKnownFileType = folder.assetcatalog; path = Assets.xcassets; sourceTree = "<group>"; };
		248B83872140B29D00119D9D /* Info.plist */ = {isa = PBXFileReference; lastKnownFileType = text.plist.xml; path = Info.plist; sourceTree = "<group>"; };
		248B83992141014600119D9D /* ActionButton.swift */ = {isa = PBXFileReference; lastKnownFileType = sourcecode.swift; path = ActionButton.swift; sourceTree = "<group>"; };
		2491C0E52165E37700037578 /* morning.jpg */ = {isa = PBXFileReference; lastKnownFileType = image.jpeg; path = morning.jpg; sourceTree = "<group>"; };
		2491C0E72165E64A00037578 /* afternoon.jpg */ = {isa = PBXFileReference; lastKnownFileType = image.jpeg; path = afternoon.jpg; sourceTree = "<group>"; };
		2491C0EB2165E75300037578 /* noon.jpg */ = {isa = PBXFileReference; lastKnownFileType = image.jpeg; path = noon.jpg; sourceTree = "<group>"; };
		2491C0EF2165EEB100037578 /* evening.jpeg */ = {isa = PBXFileReference; lastKnownFileType = image.jpeg; path = evening.jpeg; sourceTree = "<group>"; };
		24A2F2CC2158BBF100277DA8 /* LocationModel.swift */ = {isa = PBXFileReference; lastKnownFileType = sourcecode.swift; path = LocationModel.swift; sourceTree = "<group>"; };
		24A2F2D22158DDF000277DA8 /* MapViewController.swift */ = {isa = PBXFileReference; lastKnownFileType = sourcecode.swift; path = MapViewController.swift; sourceTree = "<group>"; };
		24AE1BEF21ACD55E00D74186 /* CCZoomAnimatedTransitioning.swift */ = {isa = PBXFileReference; fileEncoding = 4; lastKnownFileType = sourcecode.swift; path = CCZoomAnimatedTransitioning.swift; sourceTree = "<group>"; };
		24AE1BF021ACD55E00D74186 /* CCSwipBackPresentationController.swift */ = {isa = PBXFileReference; fileEncoding = 4; lastKnownFileType = sourcecode.swift; path = CCSwipBackPresentationController.swift; sourceTree = "<group>"; };
		24AE1BF121ACD55E00D74186 /* CCZoomTransitionVCExtension.swift */ = {isa = PBXFileReference; fileEncoding = 4; lastKnownFileType = sourcecode.swift; path = CCZoomTransitionVCExtension.swift; sourceTree = "<group>"; };
		24AE1BF221ACD55F00D74186 /* CCZoomTransitioner.swift */ = {isa = PBXFileReference; fileEncoding = 4; lastKnownFileType = sourcecode.swift; path = CCZoomTransitioner.swift; sourceTree = "<group>"; };
		24AE1BF721ACF30D00D74186 /* SelfSizedTableView.swift */ = {isa = PBXFileReference; lastKnownFileType = sourcecode.swift; path = SelfSizedTableView.swift; sourceTree = "<group>"; };
		24AE1BFD21AD3A5F00D74186 /* CalendarView.swift */ = {isa = PBXFileReference; lastKnownFileType = sourcecode.swift; path = CalendarView.swift; sourceTree = "<group>"; };
		24B186CA2154B8DF0028CE23 /* SearchFooterView.swift */ = {isa = PBXFileReference; lastKnownFileType = sourcecode.swift; path = SearchFooterView.swift; sourceTree = "<group>"; };
		24D1B7FE216359AC001D519C /* FSCalendar.framework */ = {isa = PBXFileReference; lastKnownFileType = wrapper.framework; name = FSCalendar.framework; path = Carthage/Build/iOS/FSCalendar.framework; sourceTree = "<group>"; };
		24D1B80421636816001D519C /* HomeViewModel.swift */ = {isa = PBXFileReference; lastKnownFileType = sourcecode.swift; path = HomeViewModel.swift; sourceTree = "<group>"; };
		24D55FB921410A8D001140C1 /* SessionService.swift */ = {isa = PBXFileReference; lastKnownFileType = sourcecode.swift; path = SessionService.swift; sourceTree = "<group>"; };
		24D8B2C02149F57800EC7DBE /* ViewControllerProtocol.swift */ = {isa = PBXFileReference; lastKnownFileType = sourcecode.swift; path = ViewControllerProtocol.swift; sourceTree = "<group>"; };
		24D8B2C3214A193A00EC7DBE /* NavBarProtocols.swift */ = {isa = PBXFileReference; lastKnownFileType = sourcecode.swift; path = NavBarProtocols.swift; sourceTree = "<group>"; };
		24EA824021BF9FB700EA26BB /* StringExtension.swift */ = {isa = PBXFileReference; lastKnownFileType = sourcecode.swift; path = StringExtension.swift; sourceTree = "<group>"; };
		24FE315C2164A2FB00A4EB96 /* HomeCalendarCell.swift */ = {isa = PBXFileReference; lastKnownFileType = sourcecode.swift; path = HomeCalendarCell.swift; sourceTree = "<group>"; };
		24FE315E2164B1C500A4EB96 /* UIViewExtensions.swift */ = {isa = PBXFileReference; lastKnownFileType = sourcecode.swift; path = UIViewExtensions.swift; sourceTree = "<group>"; };
		2E3A32D680210F65049ABBB3 /* Pods-PlannerApp.debug.xcconfig */ = {isa = PBXFileReference; includeInIndex = 1; lastKnownFileType = text.xcconfig; name = "Pods-PlannerApp.debug.xcconfig"; path = "Pods/Target Support Files/Pods-PlannerApp/Pods-PlannerApp.debug.xcconfig"; sourceTree = "<group>"; };
		86EE6281404B932663E52096 /* Pods_PlannerApp.framework */ = {isa = PBXFileReference; explicitFileType = wrapper.framework; includeInIndex = 0; path = Pods_PlannerApp.framework; sourceTree = BUILT_PRODUCTS_DIR; };
		D60A199921422DF4008246FE /* UserModel.swift */ = {isa = PBXFileReference; lastKnownFileType = sourcecode.swift; path = UserModel.swift; sourceTree = "<group>"; };
		D60A199B21423282008246FE /* UIAlertController+Convenience.swift */ = {isa = PBXFileReference; fileEncoding = 4; lastKnownFileType = sourcecode.swift; path = "UIAlertController+Convenience.swift"; sourceTree = "<group>"; };
		D60A199D21426253008246FE /* LocalAuthentication.framework */ = {isa = PBXFileReference; lastKnownFileType = wrapper.framework; name = LocalAuthentication.framework; path = System/Library/Frameworks/LocalAuthentication.framework; sourceTree = SDKROOT; };
		D639EACE2148B7980053894C /* UserViewModel.swift */ = {isa = PBXFileReference; lastKnownFileType = sourcecode.swift; path = UserViewModel.swift; sourceTree = "<group>"; };
		D64881F421941623009A6C8D /* test.pdf */ = {isa = PBXFileReference; lastKnownFileType = image.pdf; path = test.pdf; sourceTree = "<group>"; };
		D66DDB4E21901FD5002077A2 /* CSVExport.swift */ = {isa = PBXFileReference; fileEncoding = 4; lastKnownFileType = sourcecode.swift; path = CSVExport.swift; sourceTree = "<group>"; };
		D66DDB4F21901FD5002077A2 /* CSVValidateProtocol.swift */ = {isa = PBXFileReference; fileEncoding = 4; lastKnownFileType = sourcecode.swift; path = CSVValidateProtocol.swift; sourceTree = "<group>"; };
		D66DDB5021901FD5002077A2 /* CSVConstants.swift */ = {isa = PBXFileReference; fileEncoding = 4; lastKnownFileType = sourcecode.swift; path = CSVConstants.swift; sourceTree = "<group>"; };
		D66E10CD215081D7005625BF /* ContactModel.swift */ = {isa = PBXFileReference; lastKnownFileType = sourcecode.swift; path = ContactModel.swift; sourceTree = "<group>"; };
		D66E10CF2150C2E2005625BF /* ContactViewModel.swift */ = {isa = PBXFileReference; lastKnownFileType = sourcecode.swift; path = ContactViewModel.swift; sourceTree = "<group>"; };
		D6715D872140C82E00957E86 /* LoginViewController.swift */ = {isa = PBXFileReference; lastKnownFileType = sourcecode.swift; path = LoginViewController.swift; sourceTree = "<group>"; };
		D6715D892140DD8000957E86 /* RegisterViewController.swift */ = {isa = PBXFileReference; lastKnownFileType = sourcecode.swift; path = RegisterViewController.swift; sourceTree = "<group>"; };
		D6715D8F2140FBA800957E86 /* SF-Pro-Text-Light.otf */ = {isa = PBXFileReference; lastKnownFileType = file; path = "SF-Pro-Text-Light.otf"; sourceTree = "<group>"; };
		D6715D902140FBA800957E86 /* SF-Pro-Text-Regular.otf */ = {isa = PBXFileReference; lastKnownFileType = file; path = "SF-Pro-Text-Regular.otf"; sourceTree = "<group>"; };
		D6715D912140FBA800957E86 /* SF-Pro-Text-Bold.otf */ = {isa = PBXFileReference; lastKnownFileType = file; path = "SF-Pro-Text-Bold.otf"; sourceTree = "<group>"; };
		D6715D972140FBA800957E86 /* SF-Pro-Text-Semibold.otf */ = {isa = PBXFileReference; lastKnownFileType = file; path = "SF-Pro-Text-Semibold.otf"; sourceTree = "<group>"; };
		D6715D982140FBA800957E86 /* SF-Pro-Text-Heavy.otf */ = {isa = PBXFileReference; lastKnownFileType = file; path = "SF-Pro-Text-Heavy.otf"; sourceTree = "<group>"; };
		D6715D992140FBA800957E86 /* SF-Pro-Text-Medium.otf */ = {isa = PBXFileReference; lastKnownFileType = file; path = "SF-Pro-Text-Medium.otf"; sourceTree = "<group>"; };
		D6715DA721411BD800957E86 /* CommonColor.swift */ = {isa = PBXFileReference; lastKnownFileType = sourcecode.swift; path = CommonColor.swift; sourceTree = "<group>"; };
		D6715DA921411DF800957E86 /* CommonFontType.swift */ = {isa = PBXFileReference; lastKnownFileType = sourcecode.swift; path = CommonFontType.swift; sourceTree = "<group>"; };
		D6715DAC2141213C00957E86 /* BaseViewController.swift */ = {isa = PBXFileReference; fileEncoding = 4; lastKnownFileType = sourcecode.swift; path = BaseViewController.swift; sourceTree = "<group>"; };
		D6715DAD2141213C00957E86 /* BaseNavigationController.swift */ = {isa = PBXFileReference; fileEncoding = 4; lastKnownFileType = sourcecode.swift; path = BaseNavigationController.swift; sourceTree = "<group>"; };
		D6715DB12141218900957E86 /* HomeNavController.swift */ = {isa = PBXFileReference; fileEncoding = 4; lastKnownFileType = sourcecode.swift; path = HomeNavController.swift; sourceTree = "<group>"; };
/* End PBXFileReference section */

/* Begin PBXFrameworksBuildPhase section */
		248B83752140B29D00119D9D /* Frameworks */ = {
			isa = PBXFrameworksBuildPhase;
			buildActionMask = 2147483647;
			files = (
				246714F621A7A41100518228 /* Alamofire.framework in Frameworks */,
				240C858921B104B400509ABD /* Crashlytics.framework in Frameworks */,
				246714F321A79D5700518228 /* RealmSwift.framework in Frameworks */,
				246714F421A79D5700518228 /* Realm.framework in Frameworks */,
				246714F021A7952300518228 /* SwiftyUserDefaults.framework in Frameworks */,
				246714EE21A793EA00518228 /* ObjectMapper.framework in Frameworks */,
				246714EC21A78D0900518228 /* SnapKit.framework in Frameworks */,
				24701A44219A6BBE00028F43 /* PaperOnboarding.framework in Frameworks */,
				240C858821B104B400509ABD /* Fabric.framework in Frameworks */,
				2460FC4C2176E1CB00DBF03B /* Kingfisher.framework in Frameworks */,
				2460FC4A2176CBA300DBF03B /* ImagePicker.framework in Frameworks */,
				24D1B7FF216359AC001D519C /* FSCalendar.framework in Frameworks */,
				2455FBD02151D87D00881541 /* UserNotifications.framework in Frameworks */,
				D60A199E21426253008246FE /* LocalAuthentication.framework in Frameworks */,
				735165380657D3B189D33234 /* Pods_PlannerApp.framework in Frameworks */,
			);
			runOnlyForDeploymentPostprocessing = 0;
		};
/* End PBXFrameworksBuildPhase section */

/* Begin PBXGroup section */
		0C7C490A21410EB900DBD4A3 /* Views */ = {
			isa = PBXGroup;
			children = (
				24141FA92193CDD000FB9B2A /* Onboarding */,
				24775F5D217F042E004319B1 /* ResourcesAndFiles */,
				0C8DBA3721647351009A1475 /* Message Templates */,
				0C8DBA3421647128009A1475 /* Language Settings */,
				0C8DBA3121647103009A1475 /* Archives */,
				0C8DBA2C21646A48009A1475 /* Panel List */,
				0C8DBA2721636990009A1475 /* Notifications */,
				0C8DBA1C216304C7009A1475 /* Summary */,
				0CBFA0DD2151FBD40028750B /* Maps */,
				2455FBCA2150DD5200881541 /* AddTask */,
				0CBFA0CE215098FF0028750B /* Contacts */,
				2455FBB921508E5A00881541 /* TodoList */,
				24140A5A2148AF9B007687EB /* Settings */,
				D6715D8C2140DE9C00957E86 /* Register */,
				D6715D8B2140DE8700957E86 /* Login */,
				D6715DB02141218900957E86 /* HomeController */,
				D6715DAB2141213C00957E86 /* BaseController */,
			);
			path = Views;
			sourceTree = "<group>";
		};
		0C8DBA1C216304C7009A1475 /* Summary */ = {
			isa = PBXGroup;
			children = (
				0C8DBA1D21630513009A1475 /* SummaryViewController.swift */,
				0C1E5FFB2181551700DC8750 /* SummaryViewModel.swift */,
				0C8DBA1F21631E88009A1475 /* SummaryCollectionViewCell.swift */,
				0C8DBA23216359A6009A1475 /* SummaryBarChart.swift */,
				0C8DBA25216359E1009A1475 /* SummaryBarEntry.swift */,
			);
			path = Summary;
			sourceTree = "<group>";
		};
		0C8DBA2721636990009A1475 /* Notifications */ = {
			isa = PBXGroup;
			children = (
				0C8DBA28216369BD009A1475 /* NotificationsListViewController.swift */,
				0C8DBA2A21636AEA009A1475 /* NotificationViewModel.swift */,
			);
			path = Notifications;
			sourceTree = "<group>";
		};
		0C8DBA2C21646A48009A1475 /* Panel List */ = {
			isa = PBXGroup;
			children = (
				0C8DBA45216B39FC009A1475 /* PanelListDetailsView */,
				0C8DBA44216B39D7009A1475 /* PanelListView */,
			);
			path = "Panel List";
			sourceTree = "<group>";
		};
		0C8DBA3121647103009A1475 /* Archives */ = {
			isa = PBXGroup;
			children = (
				0C8DBA322164711B009A1475 /* ArchivesViewController.swift */,
				0CC2CD36216D992900233A1E /* ArchivesViewModel.swift */,
			);
			path = Archives;
			sourceTree = "<group>";
		};
		0C8DBA3421647128009A1475 /* Language Settings */ = {
			isa = PBXGroup;
			children = (
				0C8DBA3521647150009A1475 /* LanguageSettingsViewController.swift */,
			);
			path = "Language Settings";
			sourceTree = "<group>";
		};
		0C8DBA3721647351009A1475 /* Message Templates */ = {
			isa = PBXGroup;
			children = (
				0C8DBA4B216C4C9E009A1475 /* Message Template Details */,
				0C8DBA4A216C4C80009A1475 /* Message Template List */,
			);
			path = "Message Templates";
			sourceTree = "<group>";
		};
		0C8DBA44216B39D7009A1475 /* PanelListView */ = {
			isa = PBXGroup;
			children = (
				0C8DBA2D21646A66009A1475 /* PanelListViewController.swift */,
				0C8DBA42216AFBD3009A1475 /* PanelListViewModel.swift */,
			);
			path = PanelListView;
			sourceTree = "<group>";
		};
		0C8DBA45216B39FC009A1475 /* PanelListDetailsView */ = {
			isa = PBXGroup;
			children = (
				0C8DBA2F21646D01009A1475 /* PanelListDetailsViewController.swift */,
				0C8DBA3A2165C610009A1475 /* AddPanelViewController.swift */,
				0C8DBA46216B3A29009A1475 /* PanelListDetailViewModel.swift */,
			);
			path = PanelListDetailsView;
			sourceTree = "<group>";
		};
		0C8DBA4A216C4C80009A1475 /* Message Template List */ = {
			isa = PBXGroup;
			children = (
				0C8DBA382164737A009A1475 /* MessageTemplatesViewController.swift */,
				0C8DBA3E21673790009A1475 /* EmailActionSheetPresenter.swift */,
				0C8DBA4C216C4DBD009A1475 /* MessageTemplateListViewModel.swift */,
			);
			path = "Message Template List";
			sourceTree = "<group>";
		};
		0C8DBA4B216C4C9E009A1475 /* Message Template Details */ = {
			isa = PBXGroup;
			children = (
				0C8DBA3C2165F9DA009A1475 /* MessageTemplatesDetailsViewController.swift */,
				0C8DBA4E216C4EE3009A1475 /* MessageTemplateDetailsViewModel.swift */,
			);
			path = "Message Template Details";
			sourceTree = "<group>";
		};
		0CBFA0CE215098FF0028750B /* Contacts */ = {
			isa = PBXGroup;
			children = (
				D66E10CF2150C2E2005625BF /* ContactViewModel.swift */,
				0CBFA0D62150AC470028750B /* ContactListDetailsView */,
				0CBFA0D52150AC2E0028750B /* ContactListView */,
			);
			path = Contacts;
			sourceTree = "<group>";
		};
		0CBFA0D52150AC2E0028750B /* ContactListView */ = {
			isa = PBXGroup;
			children = (
				0CBFA0CF21509C050028750B /* ContactListNavViewController.swift */,
				0CBFA0D121509C3C0028750B /* ContactListViewController.swift */,
				0CBFA0D321509CA80028750B /* ContactListViewModel.swift */,
				0C1933A0217D7F6500AC495A /* ContactListTableViewCell.swift */,
			);
			path = ContactListView;
			sourceTree = "<group>";
		};
		0CBFA0D62150AC470028750B /* ContactListDetailsView */ = {
			isa = PBXGroup;
			children = (
				0CBFA0D92150C1810028750B /* ContactDetailsViewController.swift */,
				0CBFA0D72150C1690028750B /* ContactDetailsViewModel.swift */,
				0C2C11AE215B5F39002479F1 /* ContactDetailTableViewCell.swift */,
				0C1E5FFD2181B23E00DC8750 /* LogsTableViewCell.swift */,
				0C1E5FFF2181B25F00DC8750 /* ToDoTableViewCell.swift */,
				0C1E60012181B27800DC8750 /* SocialsTableViewCell.swift */,
				0C1E60032181B2B900DC8750 /* FilesTableViewCell.swift */,
				0C1E60052181B2CF00DC8750 /* InfoTableViewCell.swift */,
			);
			path = ContactListDetailsView;
			sourceTree = "<group>";
		};
		0CBFA0DD2151FBD40028750B /* Maps */ = {
			isa = PBXGroup;
			children = (
				24A2F2D22158DDF000277DA8 /* MapViewController.swift */,
				24811D42215B5AE500C1ED20 /* ClusterMapViewController.swift */,
			);
			path = Maps;
			sourceTree = "<group>";
		};
		24140A5A2148AF9B007687EB /* Settings */ = {
			isa = PBXGroup;
			children = (
				24140A5F2148AF9B007687EB /* SettingsViewModel.swift */,
				24140A662148AF9B007687EB /* SettingsViewController.swift */,
				24140A632148AF9B007687EB /* SettingsNavViewController.swift */,
				24140A5B2148AF9B007687EB /* Security */,
				24140A602148AF9B007687EB /* ChangePasscode */,
			);
			path = Settings;
			sourceTree = "<group>";
		};
		24140A5B2148AF9B007687EB /* Security */ = {
			isa = PBXGroup;
			children = (
				24140A5C2148AF9B007687EB /* SecurityViewController.swift */,
				24140A5D2148AF9B007687EB /* SecurityViewModel.swift */,
			);
			path = Security;
			sourceTree = "<group>";
		};
		24140A602148AF9B007687EB /* ChangePasscode */ = {
			isa = PBXGroup;
			children = (
				24140A612148AF9B007687EB /* ChangePasscodeViewController.swift */,
			);
			path = ChangePasscode;
			sourceTree = "<group>";
		};
		24141FA92193CDD000FB9B2A /* Onboarding */ = {
			isa = PBXGroup;
			children = (
				24701A45219A71F800028F43 /* OnboardingInfoViewController.swift */,
			);
			path = Onboarding;
			sourceTree = "<group>";
		};
		2450D37D214209C500F5F61F /* RealmManager */ = {
			isa = PBXGroup;
			children = (
				2450D38721420B2B00F5F61F /* DataManager */,
				2450D38421420AD400F5F61F /* Networking */,
				2450D38121420A6600F5F61F /* Model */,
				2450D37E214209E000F5F61F /* Realm */,
			);
			path = RealmManager;
			sourceTree = "<group>";
		};
		2450D37E214209E000F5F61F /* Realm */ = {
			isa = PBXGroup;
			children = (
				2450D37F214209FA00F5F61F /* RealmStore.swift */,
			);
			path = Realm;
			sourceTree = "<group>";
		};
		2450D38121420A6600F5F61F /* Model */ = {
			isa = PBXGroup;
			children = (
				2450D38221420A7400F5F61F /* Model.swift */,
				D60A199921422DF4008246FE /* UserModel.swift */,
				D66E10CD215081D7005625BF /* ContactModel.swift */,
				2455FBCD2150EEED00881541 /* AddTodoViewObject.swift */,
				2455FBD12151F2B800881541 /* AddNote.swift */,
				24A2F2CC2158BBF100277DA8 /* LocationModel.swift */,
				0CBFA0F22158D2F60028750B /* AddContactViewObject.swift */,
				0C8DBA40216AF2C4009A1475 /* PanelListModel.swift */,
				0C8DBA48216C4B7A009A1475 /* MessageTemplatesModel.swift */,
				2468C4C42182A50D0062D3FF /* Checklist.swift */,
				247E7A2221BA51EB00FBDCAE /* UserFiles.swift */,
			);
			path = Model;
			sourceTree = "<group>";
		};
		2450D38421420AD400F5F61F /* Networking */ = {
			isa = PBXGroup;
			children = (
				2450D38521420AEC00F5F61F /* Networking.swift */,
			);
			path = Networking;
			sourceTree = "<group>";
		};
		2450D38721420B2B00F5F61F /* DataManager */ = {
			isa = PBXGroup;
			children = (
				2450D38821420B4000F5F61F /* StoreManager.swift */,
				2450D38A21420DD600F5F61F /* ServiceManager.swift */,
			);
			path = DataManager;
			sourceTree = "<group>";
		};
		2450D38C2142105000F5F61F /* Extensions */ = {
			isa = PBXGroup;
			children = (
				2450D38D2142106200F5F61F /* DateExtension.swift */,
				2455FBC62150D6FD00881541 /* ColorExtension.swift */,
				24FE315E2164B1C500A4EB96 /* UIViewExtensions.swift */,
				24EA824021BF9FB700EA26BB /* StringExtension.swift */,
			);
			path = Extensions;
			sourceTree = "<group>";
		};
		2455FBB921508E5A00881541 /* TodoList */ = {
			isa = PBXGroup;
			children = (
				2455FBBE2150956100881541 /* TodoListNavViewController.swift */,
				2455FBC82150DCBB00881541 /* TodoListViewController.swift */,
				0CBFA0E4215376110028750B /* TodoListViewModel.swift */,
			);
			path = TodoList;
			sourceTree = "<group>";
		};
		2455FBCA2150DD5200881541 /* AddTask */ = {
			isa = PBXGroup;
			children = (
				2455FBCB2150DD8100881541 /* AddNoteNavViewController.swift */,
				2455FBBA21508E8D00881541 /* DetailsTodoListViewController.swift */,
				2455FBBC21508EA700881541 /* DetailsTodoListViewModel.swift */,
				2455FBC021509B4E00881541 /* DetailsTodoTableViewCell.swift */,
				2455FBD5215227E700881541 /* DateAndTimePickerViewController.swift */,
				2455FBC42150CA9000881541 /* NotesViewController.swift */,
			);
			path = AddTask;
			sourceTree = "<group>";
		};
		24775F5D217F042E004319B1 /* ResourcesAndFiles */ = {
			isa = PBXGroup;
			children = (
				24775F5E217F0451004319B1 /* ResourceViewController.swift */,
				247E7A2421BA5C7F00FBDCAE /* ResourcesAndFilesModel.swift */,
			);
			path = ResourcesAndFiles;
			sourceTree = "<group>";
		};
		248473962167110200C6AFE7 /* LanguageSettings */ = {
			isa = PBXGroup;
			children = (
				2484739421670FF000C6AFE7 /* Localizable.swift */,
				248473A02167119D00C6AFE7 /* Localizable.strings */,
			);
			path = LanguageSettings;
			sourceTree = "<group>";
		};
		248B836F2140B29D00119D9D = {
			isa = PBXGroup;
			children = (
				248B837A2140B29D00119D9D /* PlannerApp */,
				248B83792140B29D00119D9D /* Products */,
				6CCEBE86A0ACB713956D425B /* Pods */,
				F1F9D1DC9C9EAD4E3EE0A128 /* Frameworks */,
			);
			sourceTree = "<group>";
		};
		248B83792140B29D00119D9D /* Products */ = {
			isa = PBXGroup;
			children = (
				248B83782140B29D00119D9D /* PlannerApp.app */,
			);
			name = Products;
			sourceTree = "<group>";
		};
		248B837A2140B29D00119D9D /* PlannerApp */ = {
			isa = PBXGroup;
			children = (
				24AE1BEE21ACD54D00D74186 /* TransitionEffects */,
				D66DDB4D21901FBA002077A2 /* CSVExport */,
				24775F60217F1183004319B1 /* PlannerApp.entitlements */,
				248473962167110200C6AFE7 /* LanguageSettings */,
				2491C0DF2165B12700037578 /* Resources */,
				24B186C92154B8BA0028CE23 /* CustomViews */,
				24D8B2C2214A191C00EC7DBE /* Protocols */,
				2450D38C2142105000F5F61F /* Extensions */,
				2450D37D214209C500F5F61F /* RealmManager */,
				D6715DA621411BC500957E86 /* Color */,
				D6715D8D2140FA7500957E86 /* Font */,
				24D55FB821410A7A001140C1 /* Services */,
				0C7C490A21410EB900DBD4A3 /* Views */,
				248B83982141012B00119D9D /* Utils */,
				248B837B2140B29D00119D9D /* AppDelegate.swift */,
				2450D3AB21427D2400F5F61F /* LaunchScreen.storyboard */,
				248B83872140B29D00119D9D /* Info.plist */,
			);
			path = PlannerApp;
			sourceTree = "<group>";
		};
		248B83982141012B00119D9D /* Utils */ = {
			isa = PBXGroup;
			children = (
				D60A199B21423282008246FE /* UIAlertController+Convenience.swift */,
				248B83992141014600119D9D /* ActionButton.swift */,
				2450D3932142143100F5F61F /* Utils.swift */,
				2455FBC22150C92B00881541 /* NotesPopUpControllerView.swift */,
			);
			path = Utils;
			sourceTree = "<group>";
		};
		2491C0DF2165B12700037578 /* Resources */ = {
			isa = PBXGroup;
			children = (
				2491C0E42165E21900037578 /* bgCollections */,
				248B83822140B29D00119D9D /* Assets.xcassets */,
			);
			path = Resources;
			sourceTree = "<group>";
		};
		2491C0E42165E21900037578 /* bgCollections */ = {
			isa = PBXGroup;
			children = (
				24854D3D216EEC2100BD9663 /* bgimage.jpg */,
				2491C0EB2165E75300037578 /* noon.jpg */,
				2491C0EF2165EEB100037578 /* evening.jpeg */,
				2491C0E72165E64A00037578 /* afternoon.jpg */,
				2491C0E52165E37700037578 /* morning.jpg */,
			);
			path = bgCollections;
			sourceTree = "<group>";
		};
		24AE1BEE21ACD54D00D74186 /* TransitionEffects */ = {
			isa = PBXGroup;
			children = (
				24AE1BF021ACD55E00D74186 /* CCSwipBackPresentationController.swift */,
				24AE1BEF21ACD55E00D74186 /* CCZoomAnimatedTransitioning.swift */,
				24AE1BF221ACD55F00D74186 /* CCZoomTransitioner.swift */,
				24AE1BF121ACD55E00D74186 /* CCZoomTransitionVCExtension.swift */,
			);
			path = TransitionEffects;
			sourceTree = "<group>";
		};
		24B186C92154B8BA0028CE23 /* CustomViews */ = {
			isa = PBXGroup;
			children = (
				246714F921A7B13700518228 /* DashHeaderView.swift */,
				24B186CA2154B8DF0028CE23 /* SearchFooterView.swift */,
				246714FB21A7D8E100518228 /* LeftIconButton.swift */,
				246714FD21A7D91900518228 /* RightIconButton.swift */,
				24819DF521ABD108001487A1 /* GradientView.swift */,
				24819DFB21ABD945001487A1 /* MapView.swift */,
				24AE1BF721ACF30D00D74186 /* SelfSizedTableView.swift */,
				24AE1BFD21AD3A5F00D74186 /* CalendarView.swift */,
			);
			name = CustomViews;
			path = "New Group";
			sourceTree = "<group>";
		};
		24D55FB821410A7A001140C1 /* Services */ = {
			isa = PBXGroup;
			children = (
				24D55FB921410A8D001140C1 /* SessionService.swift */,
			);
			path = Services;
			sourceTree = "<group>";
		};
		24D8B2C2214A191C00EC7DBE /* Protocols */ = {
			isa = PBXGroup;
			children = (
				24D8B2C02149F57800EC7DBE /* ViewControllerProtocol.swift */,
				24D8B2C3214A193A00EC7DBE /* NavBarProtocols.swift */,
			);
			path = Protocols;
			sourceTree = "<group>";
		};
		6CCEBE86A0ACB713956D425B /* Pods */ = {
			isa = PBXGroup;
			children = (
				2E3A32D680210F65049ABBB3 /* Pods-PlannerApp.debug.xcconfig */,
				02D9125D0BBA1F8C7DCE2639 /* Pods-PlannerApp.release.xcconfig */,
			);
			name = Pods;
			sourceTree = "<group>";
		};
		D66DDB4D21901FBA002077A2 /* CSVExport */ = {
			isa = PBXGroup;
			children = (
				D64881F421941623009A6C8D /* test.pdf */,
				D66DDB5021901FD5002077A2 /* CSVConstants.swift */,
				D66DDB4E21901FD5002077A2 /* CSVExport.swift */,
				D66DDB4F21901FD5002077A2 /* CSVValidateProtocol.swift */,
			);
			path = CSVExport;
			sourceTree = "<group>";
		};
		D6715D8B2140DE8700957E86 /* Login */ = {
			isa = PBXGroup;
			children = (
				D639EACE2148B7980053894C /* UserViewModel.swift */,
				D6715D872140C82E00957E86 /* LoginViewController.swift */,
			);
			path = Login;
			sourceTree = "<group>";
		};
		D6715D8C2140DE9C00957E86 /* Register */ = {
			isa = PBXGroup;
			children = (
				D6715D892140DD8000957E86 /* RegisterViewController.swift */,
			);
			path = Register;
			sourceTree = "<group>";
		};
		D6715D8D2140FA7500957E86 /* Font */ = {
			isa = PBXGroup;
			children = (
				D6715D912140FBA800957E86 /* SF-Pro-Text-Bold.otf */,
				D6715D982140FBA800957E86 /* SF-Pro-Text-Heavy.otf */,
				D6715D8F2140FBA800957E86 /* SF-Pro-Text-Light.otf */,
				D6715D992140FBA800957E86 /* SF-Pro-Text-Medium.otf */,
				D6715D902140FBA800957E86 /* SF-Pro-Text-Regular.otf */,
				D6715D972140FBA800957E86 /* SF-Pro-Text-Semibold.otf */,
			);
			path = Font;
			sourceTree = "<group>";
		};
		D6715DA621411BC500957E86 /* Color */ = {
			isa = PBXGroup;
			children = (
				D6715DA721411BD800957E86 /* CommonColor.swift */,
				D6715DA921411DF800957E86 /* CommonFontType.swift */,
			);
			path = Color;
			sourceTree = "<group>";
		};
		D6715DAB2141213C00957E86 /* BaseController */ = {
			isa = PBXGroup;
			children = (
				D6715DAC2141213C00957E86 /* BaseViewController.swift */,
				D6715DAD2141213C00957E86 /* BaseNavigationController.swift */,
			);
			name = BaseController;
			path = PlannerApp/Views/BaseController;
			sourceTree = SOURCE_ROOT;
		};
		D6715DB02141218900957E86 /* HomeController */ = {
			isa = PBXGroup;
			children = (
				D6715DB12141218900957E86 /* HomeNavController.swift */,
				242717D721491150001792BD /* HomeViewController.swift */,
				24D1B80421636816001D519C /* HomeViewModel.swift */,
				24FE315C2164A2FB00A4EB96 /* HomeCalendarCell.swift */,
				246714F721A7A76400518228 /* HomeViewControllerV2.swift */,
				24819DF321AB86E5001487A1 /* HomeTableViewCell.swift */,
			);
			name = HomeController;
			path = PlannerApp/Views/HomeController;
			sourceTree = SOURCE_ROOT;
		};
		F1F9D1DC9C9EAD4E3EE0A128 /* Frameworks */ = {
			isa = PBXGroup;
			children = (
				240C858721B104B400509ABD /* Crashlytics.framework */,
				240C858621B104B300509ABD /* Fabric.framework */,
				246714F521A7A41100518228 /* Alamofire.framework */,
				246714F221A79D5700518228 /* Realm.framework */,
				246714F121A79D5700518228 /* RealmSwift.framework */,
				246714EF21A7952300518228 /* SwiftyUserDefaults.framework */,
				246714ED21A793EA00518228 /* ObjectMapper.framework */,
				246714EB21A78D0900518228 /* SnapKit.framework */,
				24701A43219A6BBE00028F43 /* PaperOnboarding.framework */,
				2460FC4B2176E1CB00DBF03B /* Kingfisher.framework */,
				2460FC492176CBA200DBF03B /* ImagePicker.framework */,
				24D1B7FE216359AC001D519C /* FSCalendar.framework */,
				2455FBCF2151D87D00881541 /* UserNotifications.framework */,
				D60A199D21426253008246FE /* LocalAuthentication.framework */,
				86EE6281404B932663E52096 /* Pods_PlannerApp.framework */,
			);
			name = Frameworks;
			sourceTree = "<group>";
		};
/* End PBXGroup section */

/* Begin PBXNativeTarget section */
		248B83772140B29D00119D9D /* PlannerApp */ = {
			isa = PBXNativeTarget;
			buildConfigurationList = 248B838A2140B29D00119D9D /* Build configuration list for PBXNativeTarget "PlannerApp" */;
			buildPhases = (
				CC9F3E9E08915BF44EB1D6A4 /* [CP] Check Pods Manifest.lock */,
				248B83742140B29D00119D9D /* Sources */,
				248B83752140B29D00119D9D /* Frameworks */,
				248B83762140B29D00119D9D /* Resources */,
				3C56C0A9E28170B15171EA4E /* [CP] Copy Pods Resources */,
				24D1B80121635A57001D519C /* ShellScript */,
				F95DA382B4E84BBCF9479593 /* [CP] Embed Pods Frameworks */,
				240C858A21B1050E00509ABD /* Crashlytics Run Script */,
			);
			buildRules = (
			);
			dependencies = (
			);
			name = PlannerApp;
			productName = PlannerApp;
			productReference = 248B83782140B29D00119D9D /* PlannerApp.app */;
			productType = "com.apple.product-type.application";
		};
/* End PBXNativeTarget section */

/* Begin PBXProject section */
		248B83702140B29D00119D9D /* Project object */ = {
			isa = PBXProject;
			attributes = {
				LastSwiftUpdateCheck = 0920;
				LastUpgradeCheck = 0920;
				ORGANIZATIONNAME = SICMSB;
				TargetAttributes = {
					248B83772140B29D00119D9D = {
						CreatedOnToolsVersion = 9.2;
						ProvisioningStyle = Manual;
						SystemCapabilities = {
							com.apple.Keychain = {
								enabled = 1;
							};
							com.apple.iCloud = {
								enabled = 1;
							};
						};
					};
				};
			};
			buildConfigurationList = 248B83732140B29D00119D9D /* Build configuration list for PBXProject "PlannerApp" */;
			compatibilityVersion = "Xcode 8.0";
			developmentRegion = en;
			hasScannedForEncodings = 0;
			knownRegions = (
				en,
				Base,
				zh,
				"ms-MY",
			);
			mainGroup = 248B836F2140B29D00119D9D;
			productRefGroup = 248B83792140B29D00119D9D /* Products */;
			projectDirPath = "";
			projectRoot = "";
			targets = (
				248B83772140B29D00119D9D /* PlannerApp */,
			);
		};
/* End PBXProject section */

/* Begin PBXResourcesBuildPhase section */
		248B83762140B29D00119D9D /* Resources */ = {
			isa = PBXResourcesBuildPhase;
			buildActionMask = 2147483647;
			files = (
				D64881F521941623009A6C8D /* test.pdf in Resources */,
				2491C0E62165E37700037578 /* morning.jpg in Resources */,
				2491C0EC2165E75300037578 /* noon.jpg in Resources */,
				D6715DA42140FBA900957E86 /* SF-Pro-Text-Heavy.otf in Resources */,
				2491C0E82165E64A00037578 /* afternoon.jpg in Resources */,
				2450D3AC21427D2400F5F61F /* LaunchScreen.storyboard in Resources */,
				D6715DA32140FBA900957E86 /* SF-Pro-Text-Semibold.otf in Resources */,
				D6715D9C2140FBA900957E86 /* SF-Pro-Text-Regular.otf in Resources */,
				2491C0F02165EEB100037578 /* evening.jpeg in Resources */,
				2484739E2167119D00C6AFE7 /* Localizable.strings in Resources */,
				D6715D9D2140FBA900957E86 /* SF-Pro-Text-Bold.otf in Resources */,
				248B83832140B29D00119D9D /* Assets.xcassets in Resources */,
				D6715D9B2140FBA900957E86 /* SF-Pro-Text-Light.otf in Resources */,
				24854D3E216EEC2100BD9663 /* bgimage.jpg in Resources */,
				D6715DA52140FBA900957E86 /* SF-Pro-Text-Medium.otf in Resources */,
			);
			runOnlyForDeploymentPostprocessing = 0;
		};
/* End PBXResourcesBuildPhase section */

/* Begin PBXShellScriptBuildPhase section */
		240C858A21B1050E00509ABD /* Crashlytics Run Script */ = {
			isa = PBXShellScriptBuildPhase;
			buildActionMask = 2147483647;
			files = (
			);
			inputFileListPaths = (
			);
			inputPaths = (
				"$(BUILT_PRODUCTS_DIR)/$(INFOPLIST_PATH)",
			);
			name = "Crashlytics Run Script";
			outputFileListPaths = (
			);
			outputPaths = (
			);
			runOnlyForDeploymentPostprocessing = 0;
			shellPath = /bin/sh;
			shellScript = "# Type a script or drag a script file from your workspace to insert its path.\n\"${PROJECT_DIR}/Fabric.framework/run\" 859cb44d7e171dfdd9394a993cae92a1ed0d869b 3e494c903115808ffd283824f5fe18dac5b50dd7b210172092fd1a6f21cb415a\n";
		};
		24D1B80121635A57001D519C /* ShellScript */ = {
			isa = PBXShellScriptBuildPhase;
			buildActionMask = 2147483647;
			files = (
			);
			inputPaths = (
				"$(SRCROOT)/Carthage/Build/iOS/FSCalendar.framework",
				"$(SRCROOT)/Carthage/Build/iOS/ImagePicker.framework",
				"$(SRCROOT)/Carthage/Build/iOS/Kingfisher.framework",
				"$(SRCROOT)/Carthage/Build/iOS/PaperOnboarding.framework",
				"$(SRCROOT)/Carthage/Build/iOS/SnapKit.framework",
				"$(SRCROOT)/Carthage/Build/iOS/ObjectMapper.framework",
				"$(SRCROOT)/Carthage/Build/iOS/SwiftyUserDefaults.framework",
				"$(SRCROOT)/Carthage/Build/iOS/Realm.framework",
				"$(SRCROOT)/Carthage/Build/iOS/RealmSwift.framework",
				"$(SRCROOT)/Carthage/Build/iOS/Alamofire.framework",
			);
			outputPaths = (
			);
			runOnlyForDeploymentPostprocessing = 0;
			shellPath = /bin/sh;
			shellScript = "/usr/local/bin/carthage copy-frameworks\n";
		};
		3C56C0A9E28170B15171EA4E /* [CP] Copy Pods Resources */ = {
			isa = PBXShellScriptBuildPhase;
			buildActionMask = 2147483647;
			files = (
			);
			inputPaths = (
				"${SRCROOT}/Pods/Target Support Files/Pods-PlannerApp/Pods-PlannerApp-resources.sh",
				"${PODS_ROOT}/GoogleMaps/Maps/Frameworks/GoogleMaps.framework/Resources/GoogleMaps.bundle",
				"${PODS_ROOT}/GooglePlacePicker/Frameworks/GooglePlacePicker.framework/Resources/GooglePlacePicker.bundle",
				"${PODS_ROOT}/GooglePlaces/Frameworks/GooglePlaces.framework/Resources/GooglePlaces.bundle",
			);
			name = "[CP] Copy Pods Resources";
			outputPaths = (
				"${TARGET_BUILD_DIR}/${UNLOCALIZED_RESOURCES_FOLDER_PATH}/GoogleMaps.bundle",
				"${TARGET_BUILD_DIR}/${UNLOCALIZED_RESOURCES_FOLDER_PATH}/GooglePlacePicker.bundle",
				"${TARGET_BUILD_DIR}/${UNLOCALIZED_RESOURCES_FOLDER_PATH}/GooglePlaces.bundle",
			);
			runOnlyForDeploymentPostprocessing = 0;
			shellPath = /bin/sh;
			shellScript = "\"${SRCROOT}/Pods/Target Support Files/Pods-PlannerApp/Pods-PlannerApp-resources.sh\"\n";
			showEnvVarsInLog = 0;
		};
		CC9F3E9E08915BF44EB1D6A4 /* [CP] Check Pods Manifest.lock */ = {
			isa = PBXShellScriptBuildPhase;
			buildActionMask = 2147483647;
			files = (
			);
			inputPaths = (
				"${PODS_PODFILE_DIR_PATH}/Podfile.lock",
				"${PODS_ROOT}/Manifest.lock",
			);
			name = "[CP] Check Pods Manifest.lock";
			outputPaths = (
				"$(DERIVED_FILE_DIR)/Pods-PlannerApp-checkManifestLockResult.txt",
			);
			runOnlyForDeploymentPostprocessing = 0;
			shellPath = /bin/sh;
			shellScript = "diff \"${PODS_PODFILE_DIR_PATH}/Podfile.lock\" \"${PODS_ROOT}/Manifest.lock\" > /dev/null\nif [ $? != 0 ] ; then\n    # print error to STDERR\n    echo \"error: The sandbox is not in sync with the Podfile.lock. Run 'pod install' or update your CocoaPods installation.\" >&2\n    exit 1\nfi\n# This output is used by Xcode 'outputs' to avoid re-running this script phase.\necho \"SUCCESS\" > \"${SCRIPT_OUTPUT_FILE_0}\"\n";
			showEnvVarsInLog = 0;
		};
		F95DA382B4E84BBCF9479593 /* [CP] Embed Pods Frameworks */ = {
			isa = PBXShellScriptBuildPhase;
			buildActionMask = 2147483647;
			files = (
			);
			inputPaths = (
				"${SRCROOT}/Pods/Target Support Files/Pods-PlannerApp/Pods-PlannerApp-frameworks.sh",
				"${BUILT_PRODUCTS_DIR}/IQKeyboardManagerSwift/IQKeyboardManagerSwift.framework",
			);
			name = "[CP] Embed Pods Frameworks";
			outputPaths = (
				"${TARGET_BUILD_DIR}/${FRAMEWORKS_FOLDER_PATH}/IQKeyboardManagerSwift.framework",
			);
			runOnlyForDeploymentPostprocessing = 0;
			shellPath = /bin/sh;
			shellScript = "\"${SRCROOT}/Pods/Target Support Files/Pods-PlannerApp/Pods-PlannerApp-frameworks.sh\"\n";
			showEnvVarsInLog = 0;
		};
/* End PBXShellScriptBuildPhase section */

/* Begin PBXSourcesBuildPhase section */
		248B83742140B29D00119D9D /* Sources */ = {
			isa = PBXSourcesBuildPhase;
			buildActionMask = 2147483647;
			files = (
				2455FBBD21508EA700881541 /* DetailsTodoListViewModel.swift in Sources */,
				0C8DBA3F21673790009A1475 /* EmailActionSheetPresenter.swift in Sources */,
				D60A199C21423282008246FE /* UIAlertController+Convenience.swift in Sources */,
				24A2F2D32158DDF000277DA8 /* MapViewController.swift in Sources */,
				0C8DBA41216AF2C4009A1475 /* PanelListModel.swift in Sources */,
				24D1B80521636816001D519C /* HomeViewModel.swift in Sources */,
				D66DDB5221901FD5002077A2 /* CSVValidateProtocol.swift in Sources */,
				D66E10D02150C2E2005625BF /* ContactViewModel.swift in Sources */,
				24AE1BF521ACD55F00D74186 /* CCZoomTransitionVCExtension.swift in Sources */,
				24AE1BF621ACD55F00D74186 /* CCZoomTransitioner.swift in Sources */,
				0C8DBA392164737A009A1475 /* MessageTemplatesViewController.swift in Sources */,
				2455FBBF2150956100881541 /* TodoListNavViewController.swift in Sources */,
				D6715DB5214122CB00957E86 /* AppDelegate.swift in Sources */,
				246714FE21A7D91900518228 /* RightIconButton.swift in Sources */,
				0CBFA0DA2150C1810028750B /* ContactDetailsViewController.swift in Sources */,
				0CC2CD37216D992900233A1E /* ArchivesViewModel.swift in Sources */,
				2450D38E2142106200F5F61F /* DateExtension.swift in Sources */,
				24140A672148AF9B007687EB /* SecurityViewController.swift in Sources */,
				0C8DBA3D2165F9DA009A1475 /* MessageTemplatesDetailsViewController.swift in Sources */,
				D6715DAA21411DF800957E86 /* CommonFontType.swift in Sources */,
				0C8DBA26216359E1009A1475 /* SummaryBarEntry.swift in Sources */,
				0C8DBA2B21636AEA009A1475 /* NotificationViewModel.swift in Sources */,
				0C8DBA49216C4B7A009A1475 /* MessageTemplatesModel.swift in Sources */,
				24EA824121BF9FB700EA26BB /* StringExtension.swift in Sources */,
				24819DF621ABD108001487A1 /* GradientView.swift in Sources */,
				0C8DBA3B2165C610009A1475 /* AddPanelViewController.swift in Sources */,
				0C1E60022181B27800DC8750 /* SocialsTableViewCell.swift in Sources */,
				2450D38621420AEC00F5F61F /* Networking.swift in Sources */,
				2455FBC52150CA9000881541 /* NotesViewController.swift in Sources */,
				D6715DA821411BD800957E86 /* CommonColor.swift in Sources */,
				246714FC21A7D8E100518228 /* LeftIconButton.swift in Sources */,
				2455FBC92150DCBB00881541 /* TodoListViewController.swift in Sources */,
				0C8DBA47216B3A29009A1475 /* PanelListDetailViewModel.swift in Sources */,
				24B186CB2154B8DF0028CE23 /* SearchFooterView.swift in Sources */,
				246714F821A7A76400518228 /* HomeViewControllerV2.swift in Sources */,
				24140A682148AF9B007687EB /* SecurityViewModel.swift in Sources */,
				24FE315F2164B1C500A4EB96 /* UIViewExtensions.swift in Sources */,
				2455FBD22151F2B800881541 /* AddNote.swift in Sources */,
				0C1E60062181B2CF00DC8750 /* InfoTableViewCell.swift in Sources */,
				0C8DBA43216AFBD3009A1475 /* PanelListViewModel.swift in Sources */,
				0CBFA0D421509CA80028750B /* ContactListViewModel.swift in Sources */,
				24819DFC21ABD945001487A1 /* MapView.swift in Sources */,
				24701A46219A71F800028F43 /* OnboardingInfoViewController.swift in Sources */,
				24D8B2C4214A193A00EC7DBE /* NavBarProtocols.swift in Sources */,
				0C8DBA2E21646A66009A1475 /* PanelListViewController.swift in Sources */,
				0C2C11AF215B5F39002479F1 /* ContactDetailTableViewCell.swift in Sources */,
				0C8DBA332164711B009A1475 /* ArchivesViewController.swift in Sources */,
				0C8DBA29216369BD009A1475 /* NotificationsListViewController.swift in Sources */,
				0C8DBA4F216C4EE3009A1475 /* MessageTemplateDetailsViewModel.swift in Sources */,
				D66E10CE215081D7005625BF /* ContactModel.swift in Sources */,
				24140A6A2148AF9B007687EB /* SettingsViewModel.swift in Sources */,
				2455FBD6215227E700881541 /* DateAndTimePickerViewController.swift in Sources */,
				0C8DBA3621647150009A1475 /* LanguageSettingsViewController.swift in Sources */,
				0C1E5FFC2181551700DC8750 /* SummaryViewModel.swift in Sources */,
				24AE1BF821ACF30D00D74186 /* SelfSizedTableView.swift in Sources */,
				D6715DAE2141213C00957E86 /* BaseViewController.swift in Sources */,
				24140A6B2148AF9B007687EB /* ChangePasscodeViewController.swift in Sources */,
				0CBFA0D021509C050028750B /* ContactListNavViewController.swift in Sources */,
				D66DDB5121901FD5002077A2 /* CSVExport.swift in Sources */,
				0C8DBA2021631E88009A1475 /* SummaryCollectionViewCell.swift in Sources */,
				D6715D8A2140DD8000957E86 /* RegisterViewController.swift in Sources */,
				24AE1BF421ACD55F00D74186 /* CCSwipBackPresentationController.swift in Sources */,
				2450D380214209FA00F5F61F /* RealmStore.swift in Sources */,
				24140A6D2148AF9B007687EB /* SettingsNavViewController.swift in Sources */,
				2455FBC121509B4E00881541 /* DetailsTodoTableViewCell.swift in Sources */,
				0C8DBA1E21630513009A1475 /* SummaryViewController.swift in Sources */,
				24811D43215B5AE500C1ED20 /* ClusterMapViewController.swift in Sources */,
				0C1E60002181B25F00DC8750 /* ToDoTableViewCell.swift in Sources */,
				0CBFA0E5215376110028750B /* TodoListViewModel.swift in Sources */,
				D6715DB32141218A00957E86 /* HomeNavController.swift in Sources */,
				24FE315D2164A2FB00A4EB96 /* HomeCalendarCell.swift in Sources */,
				24A2F2CD2158BBF100277DA8 /* LocationModel.swift in Sources */,
				D60A199A21422DF4008246FE /* UserModel.swift in Sources */,
				2450D38321420A7400F5F61F /* Model.swift in Sources */,
				0C8DBA24216359A6009A1475 /* SummaryBarChart.swift in Sources */,
				24D8B2C12149F57800EC7DBE /* ViewControllerProtocol.swift in Sources */,
				D66DDB5321901FD5002077A2 /* CSVConstants.swift in Sources */,
				24AE1BFE21AD3A5F00D74186 /* CalendarView.swift in Sources */,
				D6715D882140C82E00957E86 /* LoginViewController.swift in Sources */,
				242717D821491150001792BD /* HomeViewController.swift in Sources */,
				247E7A2321BA51EB00FBDCAE /* UserFiles.swift in Sources */,
				0C8DBA3021646D01009A1475 /* PanelListDetailsViewController.swift in Sources */,
				24819DF421AB86E5001487A1 /* HomeTableViewCell.swift in Sources */,
				2455FBCC2150DD8100881541 /* AddNoteNavViewController.swift in Sources */,
				2484739521670FF000C6AFE7 /* Localizable.swift in Sources */,
				D6715DAF2141213C00957E86 /* BaseNavigationController.swift in Sources */,
				24140A6F2148AF9B007687EB /* SettingsViewController.swift in Sources */,
				0C8DBA4D216C4DBD009A1475 /* MessageTemplateListViewModel.swift in Sources */,
				2455FBCE2150EEED00881541 /* AddTodoViewObject.swift in Sources */,
				0C1933A1217D7F6500AC495A /* ContactListTableViewCell.swift in Sources */,
				2450D3942142143100F5F61F /* Utils.swift in Sources */,
				0C1E5FFE2181B23E00DC8750 /* LogsTableViewCell.swift in Sources */,
				2450D38921420B4000F5F61F /* StoreManager.swift in Sources */,
				D639EACF2148B7980053894C /* UserViewModel.swift in Sources */,
				246714FA21A7B13700518228 /* DashHeaderView.swift in Sources */,
				24775F5F217F0451004319B1 /* ResourceViewController.swift in Sources */,
				24D55FBA21410A8D001140C1 /* SessionService.swift in Sources */,
				0CBFA0F32158D2F60028750B /* AddContactViewObject.swift in Sources */,
				248B839A2141014600119D9D /* ActionButton.swift in Sources */,
				2455FBBB21508E8D00881541 /* DetailsTodoListViewController.swift in Sources */,
				0C1E60042181B2B900DC8750 /* FilesTableViewCell.swift in Sources */,
				2455FBC32150C92B00881541 /* NotesPopUpControllerView.swift in Sources */,
				2450D38B21420DD600F5F61F /* ServiceManager.swift in Sources */,
				2455FBC72150D6FD00881541 /* ColorExtension.swift in Sources */,
				0CBFA0D221509C3C0028750B /* ContactListViewController.swift in Sources */,
				24AE1BF321ACD55F00D74186 /* CCZoomAnimatedTransitioning.swift in Sources */,
				247E7A2521BA5C7F00FBDCAE /* ResourcesAndFilesModel.swift in Sources */,
				0CBFA0D82150C1690028750B /* ContactDetailsViewModel.swift in Sources */,
				2468C4C52182A50D0062D3FF /* Checklist.swift in Sources */,
			);
			runOnlyForDeploymentPostprocessing = 0;
		};
/* End PBXSourcesBuildPhase section */

/* Begin PBXVariantGroup section */
		248473A02167119D00C6AFE7 /* Localizable.strings */ = {
			isa = PBXVariantGroup;
			children = (
				2484739F2167119D00C6AFE7 /* en */,
				248473A32167131A00C6AFE7 /* zh */,
				246F01782167346D008EBE76 /* ms-MY */,
			);
			name = Localizable.strings;
			sourceTree = "<group>";
		};
/* End PBXVariantGroup section */

/* Begin XCBuildConfiguration section */
		248B83882140B29D00119D9D /* Debug */ = {
			isa = XCBuildConfiguration;
			buildSettings = {
				ALWAYS_SEARCH_USER_PATHS = NO;
				CLANG_ANALYZER_LOCALIZABILITY_NONLOCALIZED = YES;
				CLANG_ANALYZER_NONNULL = YES;
				CLANG_ANALYZER_NUMBER_OBJECT_CONVERSION = YES_AGGRESSIVE;
				CLANG_CXX_LANGUAGE_STANDARD = "gnu++14";
				CLANG_CXX_LIBRARY = "libc++";
				CLANG_ENABLE_MODULES = YES;
				CLANG_ENABLE_OBJC_ARC = YES;
				CLANG_WARN_BLOCK_CAPTURE_AUTORELEASING = YES;
				CLANG_WARN_BOOL_CONVERSION = YES;
				CLANG_WARN_COMMA = YES;
				CLANG_WARN_CONSTANT_CONVERSION = YES;
				CLANG_WARN_DIRECT_OBJC_ISA_USAGE = YES_ERROR;
				CLANG_WARN_DOCUMENTATION_COMMENTS = YES;
				CLANG_WARN_EMPTY_BODY = YES;
				CLANG_WARN_ENUM_CONVERSION = YES;
				CLANG_WARN_INFINITE_RECURSION = YES;
				CLANG_WARN_INT_CONVERSION = YES;
				CLANG_WARN_NON_LITERAL_NULL_CONVERSION = YES;
				CLANG_WARN_OBJC_LITERAL_CONVERSION = YES;
				CLANG_WARN_OBJC_ROOT_CLASS = YES_ERROR;
				CLANG_WARN_RANGE_LOOP_ANALYSIS = YES;
				CLANG_WARN_STRICT_PROTOTYPES = YES;
				CLANG_WARN_SUSPICIOUS_MOVE = YES;
				CLANG_WARN_UNGUARDED_AVAILABILITY = YES_AGGRESSIVE;
				CLANG_WARN_UNREACHABLE_CODE = YES;
				CLANG_WARN__DUPLICATE_METHOD_MATCH = YES;
				CODE_SIGN_IDENTITY = "iPhone Developer";
				COPY_PHASE_STRIP = NO;
				DEBUG_INFORMATION_FORMAT = dwarf;
				ENABLE_STRICT_OBJC_MSGSEND = YES;
				ENABLE_TESTABILITY = YES;
				GCC_C_LANGUAGE_STANDARD = gnu11;
				GCC_DYNAMIC_NO_PIC = NO;
				GCC_NO_COMMON_BLOCKS = YES;
				GCC_OPTIMIZATION_LEVEL = 0;
				GCC_PREPROCESSOR_DEFINITIONS = (
					"DEBUG=1",
					"$(inherited)",
				);
				GCC_WARN_64_TO_32_BIT_CONVERSION = YES;
				GCC_WARN_ABOUT_RETURN_TYPE = YES_ERROR;
				GCC_WARN_UNDECLARED_SELECTOR = YES;
				GCC_WARN_UNINITIALIZED_AUTOS = YES_AGGRESSIVE;
				GCC_WARN_UNUSED_FUNCTION = YES;
				GCC_WARN_UNUSED_VARIABLE = YES;
				IPHONEOS_DEPLOYMENT_TARGET = 11.2;
				MTL_ENABLE_DEBUG_INFO = YES;
				ONLY_ACTIVE_ARCH = YES;
				SDKROOT = iphoneos;
				SWIFT_ACTIVE_COMPILATION_CONDITIONS = DEBUG;
				SWIFT_OPTIMIZATION_LEVEL = "-Onone";
			};
			name = Debug;
		};
		248B83892140B29D00119D9D /* Release */ = {
			isa = XCBuildConfiguration;
			buildSettings = {
				ALWAYS_SEARCH_USER_PATHS = NO;
				CLANG_ANALYZER_LOCALIZABILITY_NONLOCALIZED = YES;
				CLANG_ANALYZER_NONNULL = YES;
				CLANG_ANALYZER_NUMBER_OBJECT_CONVERSION = YES_AGGRESSIVE;
				CLANG_CXX_LANGUAGE_STANDARD = "gnu++14";
				CLANG_CXX_LIBRARY = "libc++";
				CLANG_ENABLE_MODULES = YES;
				CLANG_ENABLE_OBJC_ARC = YES;
				CLANG_WARN_BLOCK_CAPTURE_AUTORELEASING = YES;
				CLANG_WARN_BOOL_CONVERSION = YES;
				CLANG_WARN_COMMA = YES;
				CLANG_WARN_CONSTANT_CONVERSION = YES;
				CLANG_WARN_DIRECT_OBJC_ISA_USAGE = YES_ERROR;
				CLANG_WARN_DOCUMENTATION_COMMENTS = YES;
				CLANG_WARN_EMPTY_BODY = YES;
				CLANG_WARN_ENUM_CONVERSION = YES;
				CLANG_WARN_INFINITE_RECURSION = YES;
				CLANG_WARN_INT_CONVERSION = YES;
				CLANG_WARN_NON_LITERAL_NULL_CONVERSION = YES;
				CLANG_WARN_OBJC_LITERAL_CONVERSION = YES;
				CLANG_WARN_OBJC_ROOT_CLASS = YES_ERROR;
				CLANG_WARN_RANGE_LOOP_ANALYSIS = YES;
				CLANG_WARN_STRICT_PROTOTYPES = YES;
				CLANG_WARN_SUSPICIOUS_MOVE = YES;
				CLANG_WARN_UNGUARDED_AVAILABILITY = YES_AGGRESSIVE;
				CLANG_WARN_UNREACHABLE_CODE = YES;
				CLANG_WARN__DUPLICATE_METHOD_MATCH = YES;
				CODE_SIGN_IDENTITY = "iPhone Developer";
				COPY_PHASE_STRIP = NO;
				DEBUG_INFORMATION_FORMAT = "dwarf-with-dsym";
				ENABLE_NS_ASSERTIONS = NO;
				ENABLE_STRICT_OBJC_MSGSEND = YES;
				GCC_C_LANGUAGE_STANDARD = gnu11;
				GCC_NO_COMMON_BLOCKS = YES;
				GCC_WARN_64_TO_32_BIT_CONVERSION = YES;
				GCC_WARN_ABOUT_RETURN_TYPE = YES_ERROR;
				GCC_WARN_UNDECLARED_SELECTOR = YES;
				GCC_WARN_UNINITIALIZED_AUTOS = YES_AGGRESSIVE;
				GCC_WARN_UNUSED_FUNCTION = YES;
				GCC_WARN_UNUSED_VARIABLE = YES;
				IPHONEOS_DEPLOYMENT_TARGET = 11.2;
				MTL_ENABLE_DEBUG_INFO = NO;
				SDKROOT = iphoneos;
				SWIFT_OPTIMIZATION_LEVEL = "-Owholemodule";
				VALIDATE_PRODUCT = YES;
			};
			name = Release;
		};
		248B838B2140B29D00119D9D /* Debug */ = {
			isa = XCBuildConfiguration;
			baseConfigurationReference = 2E3A32D680210F65049ABBB3 /* Pods-PlannerApp.debug.xcconfig */;
			buildSettings = {
				ASSETCATALOG_COMPILER_APPICON_NAME = AppIcon;
				CODE_SIGN_ENTITLEMENTS = PlannerApp/PlannerApp.entitlements;
				CODE_SIGN_IDENTITY = "iPhone Developer: Arjay Niones (UDN87SVKC4)";
				"CODE_SIGN_IDENTITY[sdk=iphoneos*]" = "iPhone Developer: Arjay Niones (UDN87SVKC4)";
				CODE_SIGN_STYLE = Manual;
				DEVELOPMENT_TEAM = 798C6YELQF;
				FRAMEWORK_SEARCH_PATHS = (
					"$(inherited)",
					"$(PROJECT_DIR)/Carthage/Build/iOS",
					"$(PROJECT_DIR)",
				);
				INFOPLIST_FILE = PlannerApp/Info.plist;
				IPHONEOS_DEPLOYMENT_TARGET = 10.3;
				LD_RUNPATH_SEARCH_PATHS = "$(inherited) @executable_path/Frameworks";
				PRODUCT_BUNDLE_IDENTIFIER = com.sicmsb.PlannerApp;
				PRODUCT_NAME = "$(TARGET_NAME)";
				PROVISIONING_PROFILE_SPECIFIER = PlannerApp;
				SWIFT_VERSION = 4.2;
				TARGETED_DEVICE_FAMILY = "1,2";
			};
			name = Debug;
		};
		248B838C2140B29D00119D9D /* Release */ = {
			isa = XCBuildConfiguration;
			baseConfigurationReference = 02D9125D0BBA1F8C7DCE2639 /* Pods-PlannerApp.release.xcconfig */;
			buildSettings = {
				ASSETCATALOG_COMPILER_APPICON_NAME = AppIcon;
				CODE_SIGN_ENTITLEMENTS = PlannerApp/PlannerApp.entitlements;
				CODE_SIGN_IDENTITY = "iPhone Developer: Arjay Niones (UDN87SVKC4)";
				"CODE_SIGN_IDENTITY[sdk=iphoneos*]" = "iPhone Developer: Arjay Niones (UDN87SVKC4)";
				CODE_SIGN_STYLE = Manual;
				DEVELOPMENT_TEAM = 798C6YELQF;
				FRAMEWORK_SEARCH_PATHS = (
					"$(inherited)",
					"$(PROJECT_DIR)/Carthage/Build/iOS",
					"$(PROJECT_DIR)",
				);
				INFOPLIST_FILE = PlannerApp/Info.plist;
				IPHONEOS_DEPLOYMENT_TARGET = 10.3;
				LD_RUNPATH_SEARCH_PATHS = "$(inherited) @executable_path/Frameworks";
				PRODUCT_BUNDLE_IDENTIFIER = com.sicmsb.PlannerApp;
				PRODUCT_NAME = "$(TARGET_NAME)";
				PROVISIONING_PROFILE_SPECIFIER = PlannerApp;
				SWIFT_VERSION = 4.2;
				TARGETED_DEVICE_FAMILY = "1,2";
			};
			name = Release;
		};
/* End XCBuildConfiguration section */

/* Begin XCConfigurationList section */
		248B83732140B29D00119D9D /* Build configuration list for PBXProject "PlannerApp" */ = {
			isa = XCConfigurationList;
			buildConfigurations = (
				248B83882140B29D00119D9D /* Debug */,
				248B83892140B29D00119D9D /* Release */,
			);
			defaultConfigurationIsVisible = 0;
			defaultConfigurationName = Release;
		};
		248B838A2140B29D00119D9D /* Build configuration list for PBXNativeTarget "PlannerApp" */ = {
			isa = XCConfigurationList;
			buildConfigurations = (
				248B838B2140B29D00119D9D /* Debug */,
				248B838C2140B29D00119D9D /* Release */,
			);
			defaultConfigurationIsVisible = 0;
			defaultConfigurationName = Release;
		};
/* End XCConfigurationList section */
	};
	rootObject = 248B83702140B29D00119D9D /* Project object */;
}
